// !$*UTF8*$!
{
	archiveVersion = 1;
	classes = {
	};
	objectVersion = 55;
	objects = {

/* Begin PBXBuildFile section */
		06068CFDB4D8B2DBE20551E5 /* Pods_Unify_Mobile_AppTests.framework in Frameworks */ = {isa = PBXBuildFile; fileRef = 172ACBA7F5A912C79A7126C9 /* Pods_Unify_Mobile_AppTests.framework */; };
		12200C0B2849475B009C315E /* CourseData.swift in Sources */ = {isa = PBXBuildFile; fileRef = 12200BF72849475B009C315E /* CourseData.swift */; };
		12200C0C2849475B009C315E /* Course.swift in Sources */ = {isa = PBXBuildFile; fileRef = 12200BF82849475B009C315E /* Course.swift */; };
		12200C0D2849475B009C315E /* Property.swift in Sources */ = {isa = PBXBuildFile; fileRef = 12200BFA2849475B009C315E /* Property.swift */; };
		12200C0E2849475B009C315E /* LatestMessage.swift in Sources */ = {isa = PBXBuildFile; fileRef = 12200BFC2849475B009C315E /* LatestMessage.swift */; };
		12200C0F2849475B009C315E /* Chat.swift in Sources */ = {isa = PBXBuildFile; fileRef = 12200BFD2849475B009C315E /* Chat.swift */; };
		12200C102849475B009C315E /* Message.swift in Sources */ = {isa = PBXBuildFile; fileRef = 12200BFE2849475B009C315E /* Message.swift */; };
		12200C112849475B009C315E /* ChatUser.swift in Sources */ = {isa = PBXBuildFile; fileRef = 12200BFF2849475B009C315E /* ChatUser.swift */; };
		12200C122849475B009C315E /* OnboardingStatesCompletion.swift in Sources */ = {isa = PBXBuildFile; fileRef = 12200C012849475B009C315E /* OnboardingStatesCompletion.swift */; };
		12200C132849475B009C315E /* User.swift in Sources */ = {isa = PBXBuildFile; fileRef = 12200C022849475B009C315E /* User.swift */; };
		12200C142849475B009C315E /* University.swift in Sources */ = {isa = PBXBuildFile; fileRef = 12200C042849475B009C315E /* University.swift */; };
		12200C152849475B009C315E /* StudyYearData.swift in Sources */ = {isa = PBXBuildFile; fileRef = 12200C062849475B009C315E /* StudyYearData.swift */; };
		12200C162849475B009C315E /* StudyYear.swift in Sources */ = {isa = PBXBuildFile; fileRef = 12200C072849475B009C315E /* StudyYear.swift */; };
		12200C172849475B009C315E /* Interest.swift in Sources */ = {isa = PBXBuildFile; fileRef = 12200C092849475B009C315E /* Interest.swift */; };
		12200C182849475B009C315E /* InterestData.swift in Sources */ = {isa = PBXBuildFile; fileRef = 12200C0A2849475B009C315E /* InterestData.swift */; };
		12200C1A2849481D009C315E /* UniversityData.json in Resources */ = {isa = PBXBuildFile; fileRef = 12200C192849481D009C315E /* UniversityData.json */; };
		12200C1F28494D5E009C315E /* OnboardingViewController.swift in Sources */ = {isa = PBXBuildFile; fileRef = 12200C1C28494D5E009C315E /* OnboardingViewController.swift */; };
		12200C2128494D5E009C315E /* OnboardingViewModel.swift in Sources */ = {isa = PBXBuildFile; fileRef = 12200C1E28494D5E009C315E /* OnboardingViewModel.swift */; };
		12200C2A28494D7B009C315E /* LoadingIncator.swift in Sources */ = {isa = PBXBuildFile; fileRef = 12200C2328494D7B009C315E /* LoadingIncator.swift */; };
		12200C2B28494D7B009C315E /* UnifyTitleLabel.swift in Sources */ = {isa = PBXBuildFile; fileRef = 12200C2428494D7B009C315E /* UnifyTitleLabel.swift */; };
		12200C2C28494D7B009C315E /* UnifySearchTextField.swift in Sources */ = {isa = PBXBuildFile; fileRef = 12200C2528494D7B009C315E /* UnifySearchTextField.swift */; };
		12200C2D28494D7B009C315E /* UnifyTextField.swift in Sources */ = {isa = PBXBuildFile; fileRef = 12200C2628494D7B009C315E /* UnifyTextField.swift */; };
		12200C2E28494D7B009C315E /* UnifyNavigationController.swift in Sources */ = {isa = PBXBuildFile; fileRef = 12200C2728494D7B009C315E /* UnifyNavigationController.swift */; };
		12200C2F28494D7B009C315E /* UnifyButton.swift in Sources */ = {isa = PBXBuildFile; fileRef = 12200C2828494D7B009C315E /* UnifyButton.swift */; };
		12200C3028494D7B009C315E /* AvatarView.swift in Sources */ = {isa = PBXBuildFile; fileRef = 12200C2928494D7B009C315E /* AvatarView.swift */; };
		12200C3F2849560E009C315E /* Strings.swift in Sources */ = {isa = PBXBuildFile; fileRef = 12200C342849560E009C315E /* Strings.swift */; };
		12200C402849560E009C315E /* UnifyColors.swift in Sources */ = {isa = PBXBuildFile; fileRef = 12200C352849560E009C315E /* UnifyColors.swift */; };
		12200C412849560E009C315E /* UnifyErrors.swift in Sources */ = {isa = PBXBuildFile; fileRef = 12200C362849560E009C315E /* UnifyErrors.swift */; };
		12200C422849560E009C315E /* UIViewController+Extensions.swift in Sources */ = {isa = PBXBuildFile; fileRef = 12200C382849560E009C315E /* UIViewController+Extensions.swift */; };
		12200C432849560E009C315E /* UIView+Extensions.swift in Sources */ = {isa = PBXBuildFile; fileRef = 12200C392849560E009C315E /* UIView+Extensions.swift */; };
		12200C452849560E009C315E /* UserDefaults+Extensions.swift in Sources */ = {isa = PBXBuildFile; fileRef = 12200C3B2849560E009C315E /* UserDefaults+Extensions.swift */; };
		12200C462849560E009C315E /* Floaty+Extensions.swift in Sources */ = {isa = PBXBuildFile; fileRef = 12200C3C2849560E009C315E /* Floaty+Extensions.swift */; };
		12200C472849560E009C315E /* Unify.swift in Sources */ = {isa = PBXBuildFile; fileRef = 12200C3D2849560E009C315E /* Unify.swift */; };
		12200C7228496651009C315E /* AccountManager.swift in Sources */ = {isa = PBXBuildFile; fileRef = 12200C7128496651009C315E /* AccountManager.swift */; };
		12200C77284975B6009C315E /* LoginOptionsViewController.swift in Sources */ = {isa = PBXBuildFile; fileRef = 12200C75284975B6009C315E /* LoginOptionsViewController.swift */; };
		12200C7C2849761E009C315E /* EmailVerificationViewController.swift in Sources */ = {isa = PBXBuildFile; fileRef = 12200C7B2849761E009C315E /* EmailVerificationViewController.swift */; };
		12200C7F28497631009C315E /* EmailSignUpViewController.swift in Sources */ = {isa = PBXBuildFile; fileRef = 12200C7E28497631009C315E /* EmailSignUpViewController.swift */; };
		12200C9528497651009C315E /* SelectCourseViewController.swift in Sources */ = {isa = PBXBuildFile; fileRef = 12200C812849764F009C315E /* SelectCourseViewController.swift */; };
		12200C9628497651009C315E /* CreateUsernameViewController.swift in Sources */ = {isa = PBXBuildFile; fileRef = 12200C832849764F009C315E /* CreateUsernameViewController.swift */; };
		12200C9728497651009C315E /* PrivateInfrormationViewController.swift in Sources */ = {isa = PBXBuildFile; fileRef = 12200C852849764F009C315E /* PrivateInfrormationViewController.swift */; };
		12200C9828497651009C315E /* SelectYearViewController.swift in Sources */ = {isa = PBXBuildFile; fileRef = 12200C872849764F009C315E /* SelectYearViewController.swift */; };
		12200C9928497651009C315E /* UserProfileImageViewController.swift in Sources */ = {isa = PBXBuildFile; fileRef = 12200C8928497650009C315E /* UserProfileImageViewController.swift */; };
		12200C9A28497651009C315E /* ImagePicker.swift in Sources */ = {isa = PBXBuildFile; fileRef = 12200C8B28497650009C315E /* ImagePicker.swift */; };
		12200C9B28497651009C315E /* AvatarPreviewView.swift in Sources */ = {isa = PBXBuildFile; fileRef = 12200C8C28497650009C315E /* AvatarPreviewView.swift */; };
		12200C9C28497651009C315E /* SelectUniversityViewController.swift in Sources */ = {isa = PBXBuildFile; fileRef = 12200C8E28497650009C315E /* SelectUniversityViewController.swift */; };
		12200C9D28497651009C315E /* SelectInterestsViewController.swift in Sources */ = {isa = PBXBuildFile; fileRef = 12200C9028497651009C315E /* SelectInterestsViewController.swift */; };
		12200C9E28497651009C315E /* CollectionViewCenterLayout.swift in Sources */ = {isa = PBXBuildFile; fileRef = 12200C9228497651009C315E /* CollectionViewCenterLayout.swift */; };
		12200C9F28497651009C315E /* CollectionViewCenterLayoutRow.swift in Sources */ = {isa = PBXBuildFile; fileRef = 12200C9328497651009C315E /* CollectionViewCenterLayoutRow.swift */; };
		12200CA028497651009C315E /* InterestTagCollectionViewCell.swift in Sources */ = {isa = PBXBuildFile; fileRef = 12200C9428497651009C315E /* InterestTagCollectionViewCell.swift */; };
		12200CA22849785C009C315E /* AppleAccountManager.swift in Sources */ = {isa = PBXBuildFile; fileRef = 12200CA12849785C009C315E /* AppleAccountManager.swift */; };
		12200CC1284A1950009C315E /* HomeViewModel.swift in Sources */ = {isa = PBXBuildFile; fileRef = 12200CA5284A1950009C315E /* HomeViewModel.swift */; };
		12200CC2284A1950009C315E /* HomeViewController.swift in Sources */ = {isa = PBXBuildFile; fileRef = 12200CA6284A1950009C315E /* HomeViewController.swift */; };
		12200CC7284A1950009C315E /* EditProfileViewController.swift in Sources */ = {isa = PBXBuildFile; fileRef = 12200CAE284A1950009C315E /* EditProfileViewController.swift */; };
		12200CC8284A1950009C315E /* ProfileViewController.swift in Sources */ = {isa = PBXBuildFile; fileRef = 12200CAF284A1950009C315E /* ProfileViewController.swift */; };
		12200CC9284A1950009C315E /* ProfileViewModel.swift in Sources */ = {isa = PBXBuildFile; fileRef = 12200CB0284A1950009C315E /* ProfileViewModel.swift */; };
		12200CCA284A1950009C315E /* UsersViewController.swift in Sources */ = {isa = PBXBuildFile; fileRef = 12200CB2284A1950009C315E /* UsersViewController.swift */; };
		12200CCB284A1950009C315E /* UsersViewModel.swift in Sources */ = {isa = PBXBuildFile; fileRef = 12200CB3284A1950009C315E /* UsersViewModel.swift */; };
		12200CCC284A1950009C315E /* UsersTableViewCell.swift in Sources */ = {isa = PBXBuildFile; fileRef = 12200CB4284A1950009C315E /* UsersTableViewCell.swift */; };
		1236049F286A4E390023C1BD /* EditAvatarTableViewCell.swift in Sources */ = {isa = PBXBuildFile; fileRef = 1236049E286A4E390023C1BD /* EditAvatarTableViewCell.swift */; };
		123604A2286A4F440023C1BD /* EditNameTableViewCell.swift in Sources */ = {isa = PBXBuildFile; fileRef = 123604A1286A4F440023C1BD /* EditNameTableViewCell.swift */; };
		123604A4286A4F4E0023C1BD /* EditUniversityTableViewCell.swift in Sources */ = {isa = PBXBuildFile; fileRef = 123604A3286A4F4E0023C1BD /* EditUniversityTableViewCell.swift */; };
		123604A6286A4F700023C1BD /* EditCourseTableViewCell.swift in Sources */ = {isa = PBXBuildFile; fileRef = 123604A5286A4F700023C1BD /* EditCourseTableViewCell.swift */; };
		123604A8286A4F780023C1BD /* EditYearTableViewCell.swift in Sources */ = {isa = PBXBuildFile; fileRef = 123604A7286A4F780023C1BD /* EditYearTableViewCell.swift */; };
		125B738F2843F96C00293086 /* AppDelegate.swift in Sources */ = {isa = PBXBuildFile; fileRef = 125B738E2843F96C00293086 /* AppDelegate.swift */; };
		125B73912843F96C00293086 /* SceneDelegate.swift in Sources */ = {isa = PBXBuildFile; fileRef = 125B73902843F96C00293086 /* SceneDelegate.swift */; };
		125B73962843F96C00293086 /* Main.storyboard in Resources */ = {isa = PBXBuildFile; fileRef = 125B73942843F96C00293086 /* Main.storyboard */; };
		125B73982843F96E00293086 /* Assets.xcassets in Resources */ = {isa = PBXBuildFile; fileRef = 125B73972843F96E00293086 /* Assets.xcassets */; };
		125B739B2843F96E00293086 /* LaunchScreen.storyboard in Resources */ = {isa = PBXBuildFile; fileRef = 125B73992843F96E00293086 /* LaunchScreen.storyboard */; };
		125B73A62843F96E00293086 /* UIViewControllerExtensionTests.swift in Sources */ = {isa = PBXBuildFile; fileRef = 125B73A52843F96E00293086 /* UIViewControllerExtensionTests.swift */; };
		125B73B02843F96E00293086 /* LoginOptionsViewControllerUITests.swift in Sources */ = {isa = PBXBuildFile; fileRef = 125B73AF2843F96E00293086 /* LoginOptionsViewControllerUITests.swift */; };
		125B73B22843F96E00293086 /* Unify_Mobile_AppUITestsLaunchTests.swift in Sources */ = {isa = PBXBuildFile; fileRef = 125B73B12843F96E00293086 /* Unify_Mobile_AppUITestsLaunchTests.swift */; };
		125B73BF2843F9D300293086 /* GoogleService-Info.plist in Resources */ = {isa = PBXBuildFile; fileRef = 125B73BE2843F9D300293086 /* GoogleService-Info.plist */; };
		125B73C12843FE1B00293086 /* NetworkManager.swift in Sources */ = {isa = PBXBuildFile; fileRef = 125B73C02843FE1B00293086 /* NetworkManager.swift */; };
		125E79C2284B6CF800A0ABC4 /* LoginOptionsViewControllerTests.swift in Sources */ = {isa = PBXBuildFile; fileRef = 125E79C1284B6CF800A0ABC4 /* LoginOptionsViewControllerTests.swift */; };
		125E79C4284B70C100A0ABC4 /* StringsTests.swift in Sources */ = {isa = PBXBuildFile; fileRef = 125E79C3284B70C100A0ABC4 /* StringsTests.swift */; };
		125E79C6284BC7D200A0ABC4 /* OnboardingViewControllerTests.swift in Sources */ = {isa = PBXBuildFile; fileRef = 125E79C5284BC7D200A0ABC4 /* OnboardingViewControllerTests.swift */; };
		125E79C8284BD2CF00A0ABC4 /* NetworkManagerTests.swift in Sources */ = {isa = PBXBuildFile; fileRef = 125E79C7284BD2CF00A0ABC4 /* NetworkManagerTests.swift */; };
		1271B1FE28684DE600C6CF84 /* FirebaseMocks.swift in Sources */ = {isa = PBXBuildFile; fileRef = 1271B1FD28684DE600C6CF84 /* FirebaseMocks.swift */; };
		12A95828286F9DEB00DC346E /* EditProfileViewModel.swift in Sources */ = {isa = PBXBuildFile; fileRef = 12A95827286F9DEB00DC346E /* EditProfileViewModel.swift */; };
		12EC876F2870718300C757F8 /* EditProfileHeaderView.swift in Sources */ = {isa = PBXBuildFile; fileRef = 12EC876E2870718300C757F8 /* EditProfileHeaderView.swift */; };
		12EC87712870888700C757F8 /* ReusableView.swift in Sources */ = {isa = PBXBuildFile; fileRef = 12EC87702870888700C757F8 /* ReusableView.swift */; };
		607EA49A0C42C76742B7206B /* Pods_Unify_Mobile_App.framework in Frameworks */ = {isa = PBXBuildFile; fileRef = 5674DCC93F9A5BFFD56156D6 /* Pods_Unify_Mobile_App.framework */; };
		80524309288189D90054D049 /* SDWebImage in Frameworks */ = {isa = PBXBuildFile; productRef = 80524308288189D90054D049 /* SDWebImage */; };
		80C2D9DE28817F70004FC3AB /* PanModal in Frameworks */ = {isa = PBXBuildFile; productRef = 80C2D9DD28817F70004FC3AB /* PanModal */; };
		80CF936F28818CFC00EDCE62 /* JGProgressHUD in Frameworks */ = {isa = PBXBuildFile; productRef = 80CF936E28818CFC00EDCE62 /* JGProgressHUD */; };
		80CF937228818E9D00EDCE62 /* FirebaseAnalytics in Frameworks */ = {isa = PBXBuildFile; productRef = 80CF937128818E9D00EDCE62 /* FirebaseAnalytics */; };
		80CF937428818E9D00EDCE62 /* FirebaseAnalyticsOnDeviceConversion in Frameworks */ = {isa = PBXBuildFile; productRef = 80CF937328818E9D00EDCE62 /* FirebaseAnalyticsOnDeviceConversion */; };
		80CF937628818E9D00EDCE62 /* FirebaseAnalyticsSwift in Frameworks */ = {isa = PBXBuildFile; productRef = 80CF937528818E9D00EDCE62 /* FirebaseAnalyticsSwift */; };
		80CF937828818E9D00EDCE62 /* FirebaseAnalyticsWithoutAdIdSupport in Frameworks */ = {isa = PBXBuildFile; productRef = 80CF937728818E9D00EDCE62 /* FirebaseAnalyticsWithoutAdIdSupport */; };
		80CF937A28818E9D00EDCE62 /* FirebaseAppCheck in Frameworks */ = {isa = PBXBuildFile; productRef = 80CF937928818E9D00EDCE62 /* FirebaseAppCheck */; };
		80CF937C28818E9D00EDCE62 /* FirebaseAppDistribution-Beta in Frameworks */ = {isa = PBXBuildFile; productRef = 80CF937B28818E9D00EDCE62 /* FirebaseAppDistribution-Beta */; };
		80CF937E28818E9D00EDCE62 /* FirebaseAuth in Frameworks */ = {isa = PBXBuildFile; productRef = 80CF937D28818E9D00EDCE62 /* FirebaseAuth */; };
		80CF938028818E9D00EDCE62 /* FirebaseAuthCombine-Community in Frameworks */ = {isa = PBXBuildFile; productRef = 80CF937F28818E9D00EDCE62 /* FirebaseAuthCombine-Community */; };
		80CF938228818E9D00EDCE62 /* FirebaseCrashlytics in Frameworks */ = {isa = PBXBuildFile; productRef = 80CF938128818E9D00EDCE62 /* FirebaseCrashlytics */; };
		80CF938428818E9D00EDCE62 /* FirebaseDatabase in Frameworks */ = {isa = PBXBuildFile; productRef = 80CF938328818E9D00EDCE62 /* FirebaseDatabase */; };
		80CF938628818E9D00EDCE62 /* FirebaseDatabaseSwift in Frameworks */ = {isa = PBXBuildFile; productRef = 80CF938528818E9D00EDCE62 /* FirebaseDatabaseSwift */; };
		80CF938828818E9D00EDCE62 /* FirebaseDynamicLinks in Frameworks */ = {isa = PBXBuildFile; productRef = 80CF938728818E9D00EDCE62 /* FirebaseDynamicLinks */; };
		80CF938A28818E9D00EDCE62 /* FirebaseFirestore in Frameworks */ = {isa = PBXBuildFile; productRef = 80CF938928818E9D00EDCE62 /* FirebaseFirestore */; };
		80CF938C28818E9D00EDCE62 /* FirebaseFirestoreCombine-Community in Frameworks */ = {isa = PBXBuildFile; productRef = 80CF938B28818E9D00EDCE62 /* FirebaseFirestoreCombine-Community */; };
		80CF938E28818E9D00EDCE62 /* FirebaseFirestoreSwift in Frameworks */ = {isa = PBXBuildFile; productRef = 80CF938D28818E9D00EDCE62 /* FirebaseFirestoreSwift */; };
		80CF939028818E9D00EDCE62 /* FirebaseFunctions in Frameworks */ = {isa = PBXBuildFile; productRef = 80CF938F28818E9D00EDCE62 /* FirebaseFunctions */; };
		80CF939228818E9D00EDCE62 /* FirebaseFunctionsCombine-Community in Frameworks */ = {isa = PBXBuildFile; productRef = 80CF939128818E9D00EDCE62 /* FirebaseFunctionsCombine-Community */; };
		80CF939428818E9D00EDCE62 /* FirebaseInAppMessaging-Beta in Frameworks */ = {isa = PBXBuildFile; productRef = 80CF939328818E9D00EDCE62 /* FirebaseInAppMessaging-Beta */; };
		80CF939628818E9D00EDCE62 /* FirebaseInAppMessagingSwift-Beta in Frameworks */ = {isa = PBXBuildFile; productRef = 80CF939528818E9D00EDCE62 /* FirebaseInAppMessagingSwift-Beta */; };
		80CF939828818E9D00EDCE62 /* FirebaseInstallations in Frameworks */ = {isa = PBXBuildFile; productRef = 80CF939728818E9D00EDCE62 /* FirebaseInstallations */; };
		80CF939A28818E9D00EDCE62 /* FirebaseMLModelDownloader in Frameworks */ = {isa = PBXBuildFile; productRef = 80CF939928818E9D00EDCE62 /* FirebaseMLModelDownloader */; };
		80CF939C28818E9D00EDCE62 /* FirebaseMessaging in Frameworks */ = {isa = PBXBuildFile; productRef = 80CF939B28818E9D00EDCE62 /* FirebaseMessaging */; };
		80CF939E28818E9D00EDCE62 /* FirebasePerformance in Frameworks */ = {isa = PBXBuildFile; productRef = 80CF939D28818E9D00EDCE62 /* FirebasePerformance */; };
		80CF93A028818E9D00EDCE62 /* FirebaseRemoteConfig in Frameworks */ = {isa = PBXBuildFile; productRef = 80CF939F28818E9D00EDCE62 /* FirebaseRemoteConfig */; };
		80CF93A228818E9D00EDCE62 /* FirebaseRemoteConfigSwift in Frameworks */ = {isa = PBXBuildFile; productRef = 80CF93A128818E9D00EDCE62 /* FirebaseRemoteConfigSwift */; };
		80CF93A428818E9D00EDCE62 /* FirebaseStorage in Frameworks */ = {isa = PBXBuildFile; productRef = 80CF93A328818E9D00EDCE62 /* FirebaseStorage */; };
		80CF93A628818E9D00EDCE62 /* FirebaseStorageCombine-Community in Frameworks */ = {isa = PBXBuildFile; productRef = 80CF93A528818E9D00EDCE62 /* FirebaseStorageCombine-Community */; };
		80CF93A928818F8A00EDCE62 /* MessageKit in Frameworks */ = {isa = PBXBuildFile; productRef = 80CF93A828818F8A00EDCE62 /* MessageKit */; };
		C34AD1194851D09BE5EF72EC /* Pods_Unify_Mobile_AppUITests.framework in Frameworks */ = {isa = PBXBuildFile; fileRef = 06C12D687DAE9C27142FE8D5 /* Pods_Unify_Mobile_AppUITests.framework */; };
/* End PBXBuildFile section */

/* Begin PBXContainerItemProxy section */
		125B73A22843F96E00293086 /* PBXContainerItemProxy */ = {
			isa = PBXContainerItemProxy;
			containerPortal = 125B73832843F96B00293086 /* Project object */;
			proxyType = 1;
			remoteGlobalIDString = 125B738A2843F96B00293086;
			remoteInfo = "Unify-Mobile-App";
		};
		125B73AC2843F96E00293086 /* PBXContainerItemProxy */ = {
			isa = PBXContainerItemProxy;
			containerPortal = 125B73832843F96B00293086 /* Project object */;
			proxyType = 1;
			remoteGlobalIDString = 125B738A2843F96B00293086;
			remoteInfo = "Unify-Mobile-App";
		};
/* End PBXContainerItemProxy section */

/* Begin PBXFileReference section */
		06C12D687DAE9C27142FE8D5 /* Pods_Unify_Mobile_AppUITests.framework */ = {isa = PBXFileReference; explicitFileType = wrapper.framework; includeInIndex = 0; path = Pods_Unify_Mobile_AppUITests.framework; sourceTree = BUILT_PRODUCTS_DIR; };
		12200BF72849475B009C315E /* CourseData.swift */ = {isa = PBXFileReference; fileEncoding = 4; lastKnownFileType = sourcecode.swift; path = CourseData.swift; sourceTree = "<group>"; };
		12200BF82849475B009C315E /* Course.swift */ = {isa = PBXFileReference; fileEncoding = 4; lastKnownFileType = sourcecode.swift; path = Course.swift; sourceTree = "<group>"; };
		12200BFA2849475B009C315E /* Property.swift */ = {isa = PBXFileReference; fileEncoding = 4; lastKnownFileType = sourcecode.swift; path = Property.swift; sourceTree = "<group>"; };
		12200BFC2849475B009C315E /* LatestMessage.swift */ = {isa = PBXFileReference; fileEncoding = 4; lastKnownFileType = sourcecode.swift; path = LatestMessage.swift; sourceTree = "<group>"; };
		12200BFD2849475B009C315E /* Chat.swift */ = {isa = PBXFileReference; fileEncoding = 4; lastKnownFileType = sourcecode.swift; path = Chat.swift; sourceTree = "<group>"; };
		12200BFE2849475B009C315E /* Message.swift */ = {isa = PBXFileReference; fileEncoding = 4; lastKnownFileType = sourcecode.swift; path = Message.swift; sourceTree = "<group>"; };
		12200BFF2849475B009C315E /* ChatUser.swift */ = {isa = PBXFileReference; fileEncoding = 4; lastKnownFileType = sourcecode.swift; path = ChatUser.swift; sourceTree = "<group>"; };
		12200C012849475B009C315E /* OnboardingStatesCompletion.swift */ = {isa = PBXFileReference; fileEncoding = 4; lastKnownFileType = sourcecode.swift; path = OnboardingStatesCompletion.swift; sourceTree = "<group>"; };
		12200C022849475B009C315E /* User.swift */ = {isa = PBXFileReference; fileEncoding = 4; lastKnownFileType = sourcecode.swift; path = User.swift; sourceTree = "<group>"; };
		12200C042849475B009C315E /* University.swift */ = {isa = PBXFileReference; fileEncoding = 4; lastKnownFileType = sourcecode.swift; path = University.swift; sourceTree = "<group>"; };
		12200C062849475B009C315E /* StudyYearData.swift */ = {isa = PBXFileReference; fileEncoding = 4; lastKnownFileType = sourcecode.swift; path = StudyYearData.swift; sourceTree = "<group>"; };
		12200C072849475B009C315E /* StudyYear.swift */ = {isa = PBXFileReference; fileEncoding = 4; lastKnownFileType = sourcecode.swift; path = StudyYear.swift; sourceTree = "<group>"; };
		12200C092849475B009C315E /* Interest.swift */ = {isa = PBXFileReference; fileEncoding = 4; lastKnownFileType = sourcecode.swift; path = Interest.swift; sourceTree = "<group>"; };
		12200C0A2849475B009C315E /* InterestData.swift */ = {isa = PBXFileReference; fileEncoding = 4; lastKnownFileType = sourcecode.swift; path = InterestData.swift; sourceTree = "<group>"; };
		12200C192849481D009C315E /* UniversityData.json */ = {isa = PBXFileReference; fileEncoding = 4; lastKnownFileType = text.json; path = UniversityData.json; sourceTree = "<group>"; };
		12200C1C28494D5E009C315E /* OnboardingViewController.swift */ = {isa = PBXFileReference; fileEncoding = 4; lastKnownFileType = sourcecode.swift; path = OnboardingViewController.swift; sourceTree = "<group>"; };
		12200C1E28494D5E009C315E /* OnboardingViewModel.swift */ = {isa = PBXFileReference; fileEncoding = 4; lastKnownFileType = sourcecode.swift; path = OnboardingViewModel.swift; sourceTree = "<group>"; };
		12200C2328494D7B009C315E /* LoadingIncator.swift */ = {isa = PBXFileReference; fileEncoding = 4; lastKnownFileType = sourcecode.swift; path = LoadingIncator.swift; sourceTree = "<group>"; };
		12200C2428494D7B009C315E /* UnifyTitleLabel.swift */ = {isa = PBXFileReference; fileEncoding = 4; lastKnownFileType = sourcecode.swift; path = UnifyTitleLabel.swift; sourceTree = "<group>"; };
		12200C2528494D7B009C315E /* UnifySearchTextField.swift */ = {isa = PBXFileReference; fileEncoding = 4; lastKnownFileType = sourcecode.swift; path = UnifySearchTextField.swift; sourceTree = "<group>"; };
		12200C2628494D7B009C315E /* UnifyTextField.swift */ = {isa = PBXFileReference; fileEncoding = 4; lastKnownFileType = sourcecode.swift; path = UnifyTextField.swift; sourceTree = "<group>"; };
		12200C2728494D7B009C315E /* UnifyNavigationController.swift */ = {isa = PBXFileReference; fileEncoding = 4; lastKnownFileType = sourcecode.swift; path = UnifyNavigationController.swift; sourceTree = "<group>"; };
		12200C2828494D7B009C315E /* UnifyButton.swift */ = {isa = PBXFileReference; fileEncoding = 4; lastKnownFileType = sourcecode.swift; path = UnifyButton.swift; sourceTree = "<group>"; };
		12200C2928494D7B009C315E /* AvatarView.swift */ = {isa = PBXFileReference; fileEncoding = 4; lastKnownFileType = sourcecode.swift; path = AvatarView.swift; sourceTree = "<group>"; };
		12200C342849560E009C315E /* Strings.swift */ = {isa = PBXFileReference; fileEncoding = 4; lastKnownFileType = sourcecode.swift; path = Strings.swift; sourceTree = "<group>"; };
		12200C352849560E009C315E /* UnifyColors.swift */ = {isa = PBXFileReference; fileEncoding = 4; lastKnownFileType = sourcecode.swift; path = UnifyColors.swift; sourceTree = "<group>"; };
		12200C362849560E009C315E /* UnifyErrors.swift */ = {isa = PBXFileReference; fileEncoding = 4; lastKnownFileType = sourcecode.swift; path = UnifyErrors.swift; sourceTree = "<group>"; };
		12200C382849560E009C315E /* UIViewController+Extensions.swift */ = {isa = PBXFileReference; fileEncoding = 4; lastKnownFileType = sourcecode.swift; path = "UIViewController+Extensions.swift"; sourceTree = "<group>"; };
		12200C392849560E009C315E /* UIView+Extensions.swift */ = {isa = PBXFileReference; fileEncoding = 4; lastKnownFileType = sourcecode.swift; path = "UIView+Extensions.swift"; sourceTree = "<group>"; };
		12200C3B2849560E009C315E /* UserDefaults+Extensions.swift */ = {isa = PBXFileReference; fileEncoding = 4; lastKnownFileType = sourcecode.swift; path = "UserDefaults+Extensions.swift"; sourceTree = "<group>"; };
		12200C3C2849560E009C315E /* Floaty+Extensions.swift */ = {isa = PBXFileReference; fileEncoding = 4; lastKnownFileType = sourcecode.swift; path = "Floaty+Extensions.swift"; sourceTree = "<group>"; };
		12200C3D2849560E009C315E /* Unify.swift */ = {isa = PBXFileReference; fileEncoding = 4; lastKnownFileType = sourcecode.swift; path = Unify.swift; sourceTree = "<group>"; };
		12200C7128496651009C315E /* AccountManager.swift */ = {isa = PBXFileReference; fileEncoding = 4; lastKnownFileType = sourcecode.swift; path = AccountManager.swift; sourceTree = "<group>"; };
		12200C75284975B6009C315E /* LoginOptionsViewController.swift */ = {isa = PBXFileReference; fileEncoding = 4; lastKnownFileType = sourcecode.swift; path = LoginOptionsViewController.swift; sourceTree = "<group>"; };
		12200C7B2849761E009C315E /* EmailVerificationViewController.swift */ = {isa = PBXFileReference; fileEncoding = 4; lastKnownFileType = sourcecode.swift; path = EmailVerificationViewController.swift; sourceTree = "<group>"; };
		12200C7E28497631009C315E /* EmailSignUpViewController.swift */ = {isa = PBXFileReference; fileEncoding = 4; lastKnownFileType = sourcecode.swift; path = EmailSignUpViewController.swift; sourceTree = "<group>"; };
		12200C812849764F009C315E /* SelectCourseViewController.swift */ = {isa = PBXFileReference; fileEncoding = 4; lastKnownFileType = sourcecode.swift; path = SelectCourseViewController.swift; sourceTree = "<group>"; };
		12200C832849764F009C315E /* CreateUsernameViewController.swift */ = {isa = PBXFileReference; fileEncoding = 4; lastKnownFileType = sourcecode.swift; path = CreateUsernameViewController.swift; sourceTree = "<group>"; };
		12200C852849764F009C315E /* PrivateInfrormationViewController.swift */ = {isa = PBXFileReference; fileEncoding = 4; lastKnownFileType = sourcecode.swift; path = PrivateInfrormationViewController.swift; sourceTree = "<group>"; };
		12200C872849764F009C315E /* SelectYearViewController.swift */ = {isa = PBXFileReference; fileEncoding = 4; lastKnownFileType = sourcecode.swift; path = SelectYearViewController.swift; sourceTree = "<group>"; };
		12200C8928497650009C315E /* UserProfileImageViewController.swift */ = {isa = PBXFileReference; fileEncoding = 4; lastKnownFileType = sourcecode.swift; path = UserProfileImageViewController.swift; sourceTree = "<group>"; };
		12200C8B28497650009C315E /* ImagePicker.swift */ = {isa = PBXFileReference; fileEncoding = 4; lastKnownFileType = sourcecode.swift; path = ImagePicker.swift; sourceTree = "<group>"; };
		12200C8C28497650009C315E /* AvatarPreviewView.swift */ = {isa = PBXFileReference; fileEncoding = 4; lastKnownFileType = sourcecode.swift; path = AvatarPreviewView.swift; sourceTree = "<group>"; };
		12200C8E28497650009C315E /* SelectUniversityViewController.swift */ = {isa = PBXFileReference; fileEncoding = 4; lastKnownFileType = sourcecode.swift; path = SelectUniversityViewController.swift; sourceTree = "<group>"; };
		12200C9028497651009C315E /* SelectInterestsViewController.swift */ = {isa = PBXFileReference; fileEncoding = 4; lastKnownFileType = sourcecode.swift; path = SelectInterestsViewController.swift; sourceTree = "<group>"; };
		12200C9228497651009C315E /* CollectionViewCenterLayout.swift */ = {isa = PBXFileReference; fileEncoding = 4; lastKnownFileType = sourcecode.swift; path = CollectionViewCenterLayout.swift; sourceTree = "<group>"; };
		12200C9328497651009C315E /* CollectionViewCenterLayoutRow.swift */ = {isa = PBXFileReference; fileEncoding = 4; lastKnownFileType = sourcecode.swift; path = CollectionViewCenterLayoutRow.swift; sourceTree = "<group>"; };
		12200C9428497651009C315E /* InterestTagCollectionViewCell.swift */ = {isa = PBXFileReference; fileEncoding = 4; lastKnownFileType = sourcecode.swift; path = InterestTagCollectionViewCell.swift; sourceTree = "<group>"; };
		12200CA12849785C009C315E /* AppleAccountManager.swift */ = {isa = PBXFileReference; lastKnownFileType = sourcecode.swift; path = AppleAccountManager.swift; sourceTree = "<group>"; };
		12200CA5284A1950009C315E /* HomeViewModel.swift */ = {isa = PBXFileReference; fileEncoding = 4; lastKnownFileType = sourcecode.swift; path = HomeViewModel.swift; sourceTree = "<group>"; };
		12200CA6284A1950009C315E /* HomeViewController.swift */ = {isa = PBXFileReference; fileEncoding = 4; lastKnownFileType = sourcecode.swift; path = HomeViewController.swift; sourceTree = "<group>"; };
		12200CAE284A1950009C315E /* EditProfileViewController.swift */ = {isa = PBXFileReference; fileEncoding = 4; lastKnownFileType = sourcecode.swift; path = EditProfileViewController.swift; sourceTree = "<group>"; };
		12200CAF284A1950009C315E /* ProfileViewController.swift */ = {isa = PBXFileReference; fileEncoding = 4; lastKnownFileType = sourcecode.swift; path = ProfileViewController.swift; sourceTree = "<group>"; };
		12200CB0284A1950009C315E /* ProfileViewModel.swift */ = {isa = PBXFileReference; fileEncoding = 4; lastKnownFileType = sourcecode.swift; path = ProfileViewModel.swift; sourceTree = "<group>"; };
		12200CB2284A1950009C315E /* UsersViewController.swift */ = {isa = PBXFileReference; fileEncoding = 4; lastKnownFileType = sourcecode.swift; path = UsersViewController.swift; sourceTree = "<group>"; };
		12200CB3284A1950009C315E /* UsersViewModel.swift */ = {isa = PBXFileReference; fileEncoding = 4; lastKnownFileType = sourcecode.swift; path = UsersViewModel.swift; sourceTree = "<group>"; };
		12200CB4284A1950009C315E /* UsersTableViewCell.swift */ = {isa = PBXFileReference; fileEncoding = 4; lastKnownFileType = sourcecode.swift; path = UsersTableViewCell.swift; sourceTree = "<group>"; };
		1236049E286A4E390023C1BD /* EditAvatarTableViewCell.swift */ = {isa = PBXFileReference; lastKnownFileType = sourcecode.swift; path = EditAvatarTableViewCell.swift; sourceTree = "<group>"; };
		123604A1286A4F440023C1BD /* EditNameTableViewCell.swift */ = {isa = PBXFileReference; lastKnownFileType = sourcecode.swift; path = EditNameTableViewCell.swift; sourceTree = "<group>"; };
		123604A3286A4F4E0023C1BD /* EditUniversityTableViewCell.swift */ = {isa = PBXFileReference; lastKnownFileType = sourcecode.swift; path = EditUniversityTableViewCell.swift; sourceTree = "<group>"; };
		123604A5286A4F700023C1BD /* EditCourseTableViewCell.swift */ = {isa = PBXFileReference; lastKnownFileType = sourcecode.swift; path = EditCourseTableViewCell.swift; sourceTree = "<group>"; };
		123604A7286A4F780023C1BD /* EditYearTableViewCell.swift */ = {isa = PBXFileReference; lastKnownFileType = sourcecode.swift; path = EditYearTableViewCell.swift; sourceTree = "<group>"; };
		125B738B2843F96B00293086 /* Unify-Mobile-App.app */ = {isa = PBXFileReference; explicitFileType = wrapper.application; includeInIndex = 0; path = "Unify-Mobile-App.app"; sourceTree = BUILT_PRODUCTS_DIR; };
		125B738E2843F96C00293086 /* AppDelegate.swift */ = {isa = PBXFileReference; lastKnownFileType = sourcecode.swift; path = AppDelegate.swift; sourceTree = "<group>"; };
		125B73902843F96C00293086 /* SceneDelegate.swift */ = {isa = PBXFileReference; lastKnownFileType = sourcecode.swift; path = SceneDelegate.swift; sourceTree = "<group>"; };
		125B73952843F96C00293086 /* Base */ = {isa = PBXFileReference; lastKnownFileType = file.storyboard; name = Base; path = Base.lproj/Main.storyboard; sourceTree = "<group>"; };
		125B73972843F96E00293086 /* Assets.xcassets */ = {isa = PBXFileReference; lastKnownFileType = folder.assetcatalog; path = Assets.xcassets; sourceTree = "<group>"; };
		125B739A2843F96E00293086 /* Base */ = {isa = PBXFileReference; lastKnownFileType = file.storyboard; name = Base; path = Base.lproj/LaunchScreen.storyboard; sourceTree = "<group>"; };
		125B739C2843F96E00293086 /* Info.plist */ = {isa = PBXFileReference; lastKnownFileType = text.plist.xml; path = Info.plist; sourceTree = "<group>"; };
		125B73A12843F96E00293086 /* Unify-Mobile-AppTests.xctest */ = {isa = PBXFileReference; explicitFileType = wrapper.cfbundle; includeInIndex = 0; path = "Unify-Mobile-AppTests.xctest"; sourceTree = BUILT_PRODUCTS_DIR; };
		125B73A52843F96E00293086 /* UIViewControllerExtensionTests.swift */ = {isa = PBXFileReference; lastKnownFileType = sourcecode.swift; path = UIViewControllerExtensionTests.swift; sourceTree = "<group>"; };
		125B73AB2843F96E00293086 /* Unify-Mobile-AppUITests.xctest */ = {isa = PBXFileReference; explicitFileType = wrapper.cfbundle; includeInIndex = 0; path = "Unify-Mobile-AppUITests.xctest"; sourceTree = BUILT_PRODUCTS_DIR; };
		125B73AF2843F96E00293086 /* LoginOptionsViewControllerUITests.swift */ = {isa = PBXFileReference; lastKnownFileType = sourcecode.swift; path = LoginOptionsViewControllerUITests.swift; sourceTree = "<group>"; };
		125B73B12843F96E00293086 /* Unify_Mobile_AppUITestsLaunchTests.swift */ = {isa = PBXFileReference; lastKnownFileType = sourcecode.swift; path = Unify_Mobile_AppUITestsLaunchTests.swift; sourceTree = "<group>"; };
		125B73BE2843F9D300293086 /* GoogleService-Info.plist */ = {isa = PBXFileReference; fileEncoding = 4; lastKnownFileType = text.plist.xml; path = "GoogleService-Info.plist"; sourceTree = "<group>"; };
		125B73C02843FE1B00293086 /* NetworkManager.swift */ = {isa = PBXFileReference; lastKnownFileType = sourcecode.swift; path = NetworkManager.swift; sourceTree = "<group>"; };
		125E79C1284B6CF800A0ABC4 /* LoginOptionsViewControllerTests.swift */ = {isa = PBXFileReference; lastKnownFileType = sourcecode.swift; path = LoginOptionsViewControllerTests.swift; sourceTree = "<group>"; };
		125E79C3284B70C100A0ABC4 /* StringsTests.swift */ = {isa = PBXFileReference; lastKnownFileType = sourcecode.swift; path = StringsTests.swift; sourceTree = "<group>"; };
		125E79C5284BC7D200A0ABC4 /* OnboardingViewControllerTests.swift */ = {isa = PBXFileReference; lastKnownFileType = sourcecode.swift; path = OnboardingViewControllerTests.swift; sourceTree = "<group>"; };
		125E79C7284BD2CF00A0ABC4 /* NetworkManagerTests.swift */ = {isa = PBXFileReference; lastKnownFileType = sourcecode.swift; path = NetworkManagerTests.swift; sourceTree = "<group>"; };
		1271B1FD28684DE600C6CF84 /* FirebaseMocks.swift */ = {isa = PBXFileReference; lastKnownFileType = sourcecode.swift; path = FirebaseMocks.swift; sourceTree = "<group>"; };
		12A95827286F9DEB00DC346E /* EditProfileViewModel.swift */ = {isa = PBXFileReference; lastKnownFileType = sourcecode.swift; path = EditProfileViewModel.swift; sourceTree = "<group>"; };
		12EC876E2870718300C757F8 /* EditProfileHeaderView.swift */ = {isa = PBXFileReference; lastKnownFileType = sourcecode.swift; path = EditProfileHeaderView.swift; sourceTree = "<group>"; };
		12EC87702870888700C757F8 /* ReusableView.swift */ = {isa = PBXFileReference; fileEncoding = 4; lastKnownFileType = sourcecode.swift; path = ReusableView.swift; sourceTree = "<group>"; };
		1618A9DAAEAE736B03957898 /* Pods-Unify-Mobile-AppTests.debug.xcconfig */ = {isa = PBXFileReference; includeInIndex = 1; lastKnownFileType = text.xcconfig; name = "Pods-Unify-Mobile-AppTests.debug.xcconfig"; path = "Target Support Files/Pods-Unify-Mobile-AppTests/Pods-Unify-Mobile-AppTests.debug.xcconfig"; sourceTree = "<group>"; };
		172ACBA7F5A912C79A7126C9 /* Pods_Unify_Mobile_AppTests.framework */ = {isa = PBXFileReference; explicitFileType = wrapper.framework; includeInIndex = 0; path = Pods_Unify_Mobile_AppTests.framework; sourceTree = BUILT_PRODUCTS_DIR; };
		2D31F0E0E5BF0D35A109AC18 /* Pods-Unify-Mobile-App.debug.xcconfig */ = {isa = PBXFileReference; includeInIndex = 1; lastKnownFileType = text.xcconfig; name = "Pods-Unify-Mobile-App.debug.xcconfig"; path = "Target Support Files/Pods-Unify-Mobile-App/Pods-Unify-Mobile-App.debug.xcconfig"; sourceTree = "<group>"; };
		4A4DF06EE307F4CC07E2AD74 /* Pods-Unify-Mobile-AppTests.release.xcconfig */ = {isa = PBXFileReference; includeInIndex = 1; lastKnownFileType = text.xcconfig; name = "Pods-Unify-Mobile-AppTests.release.xcconfig"; path = "Target Support Files/Pods-Unify-Mobile-AppTests/Pods-Unify-Mobile-AppTests.release.xcconfig"; sourceTree = "<group>"; };
		5674DCC93F9A5BFFD56156D6 /* Pods_Unify_Mobile_App.framework */ = {isa = PBXFileReference; explicitFileType = wrapper.framework; includeInIndex = 0; path = Pods_Unify_Mobile_App.framework; sourceTree = BUILT_PRODUCTS_DIR; };
		C3177FC4BB985AE093FAA812 /* Pods-Unify-Mobile-AppUITests.debug.xcconfig */ = {isa = PBXFileReference; includeInIndex = 1; lastKnownFileType = text.xcconfig; name = "Pods-Unify-Mobile-AppUITests.debug.xcconfig"; path = "Target Support Files/Pods-Unify-Mobile-AppUITests/Pods-Unify-Mobile-AppUITests.debug.xcconfig"; sourceTree = "<group>"; };
		D621DD972CC374ABCFD536C8 /* Pods-Unify-Mobile-AppUITests.release.xcconfig */ = {isa = PBXFileReference; includeInIndex = 1; lastKnownFileType = text.xcconfig; name = "Pods-Unify-Mobile-AppUITests.release.xcconfig"; path = "Target Support Files/Pods-Unify-Mobile-AppUITests/Pods-Unify-Mobile-AppUITests.release.xcconfig"; sourceTree = "<group>"; };
		EE60955E0A34D453FFAAB27A /* Pods-Unify-Mobile-App.release.xcconfig */ = {isa = PBXFileReference; includeInIndex = 1; lastKnownFileType = text.xcconfig; name = "Pods-Unify-Mobile-App.release.xcconfig"; path = "Target Support Files/Pods-Unify-Mobile-App/Pods-Unify-Mobile-App.release.xcconfig"; sourceTree = "<group>"; };
/* End PBXFileReference section */

/* Begin PBXFrameworksBuildPhase section */
		125B73882843F96B00293086 /* Frameworks */ = {
			isa = PBXFrameworksBuildPhase;
			buildActionMask = 2147483647;
			files = (
				80CF939C28818E9D00EDCE62 /* FirebaseMessaging in Frameworks */,
				80CF938C28818E9D00EDCE62 /* FirebaseFirestoreCombine-Community in Frameworks */,
				80CF938428818E9D00EDCE62 /* FirebaseDatabase in Frameworks */,
				80CF93A428818E9D00EDCE62 /* FirebaseStorage in Frameworks */,
				80C2D9DE28817F70004FC3AB /* PanModal in Frameworks */,
				80CF937228818E9D00EDCE62 /* FirebaseAnalytics in Frameworks */,
				80CF938228818E9D00EDCE62 /* FirebaseCrashlytics in Frameworks */,
				80CF938A28818E9D00EDCE62 /* FirebaseFirestore in Frameworks */,
				80CF938828818E9D00EDCE62 /* FirebaseDynamicLinks in Frameworks */,
				80CF93A628818E9D00EDCE62 /* FirebaseStorageCombine-Community in Frameworks */,
				80CF937428818E9D00EDCE62 /* FirebaseAnalyticsOnDeviceConversion in Frameworks */,
				80CF939228818E9D00EDCE62 /* FirebaseFunctionsCombine-Community in Frameworks */,
				80CF939628818E9D00EDCE62 /* FirebaseInAppMessagingSwift-Beta in Frameworks */,
				80CF939A28818E9D00EDCE62 /* FirebaseMLModelDownloader in Frameworks */,
				80CF939428818E9D00EDCE62 /* FirebaseInAppMessaging-Beta in Frameworks */,
				80CF939E28818E9D00EDCE62 /* FirebasePerformance in Frameworks */,
				80CF938028818E9D00EDCE62 /* FirebaseAuthCombine-Community in Frameworks */,
				80CF937628818E9D00EDCE62 /* FirebaseAnalyticsSwift in Frameworks */,
				80CF938628818E9D00EDCE62 /* FirebaseDatabaseSwift in Frameworks */,
				80524309288189D90054D049 /* SDWebImage in Frameworks */,
				80CF93A028818E9D00EDCE62 /* FirebaseRemoteConfig in Frameworks */,
				607EA49A0C42C76742B7206B /* Pods_Unify_Mobile_App.framework in Frameworks */,
				80CF937E28818E9D00EDCE62 /* FirebaseAuth in Frameworks */,
				80CF93A928818F8A00EDCE62 /* MessageKit in Frameworks */,
				80CF939028818E9D00EDCE62 /* FirebaseFunctions in Frameworks */,
				80CF939828818E9D00EDCE62 /* FirebaseInstallations in Frameworks */,
				80CF938E28818E9D00EDCE62 /* FirebaseFirestoreSwift in Frameworks */,
				80CF937828818E9D00EDCE62 /* FirebaseAnalyticsWithoutAdIdSupport in Frameworks */,
				80CF937A28818E9D00EDCE62 /* FirebaseAppCheck in Frameworks */,
				80CF93A228818E9D00EDCE62 /* FirebaseRemoteConfigSwift in Frameworks */,
				80CF937C28818E9D00EDCE62 /* FirebaseAppDistribution-Beta in Frameworks */,
				80CF936F28818CFC00EDCE62 /* JGProgressHUD in Frameworks */,
			);
			runOnlyForDeploymentPostprocessing = 0;
		};
		125B739E2843F96E00293086 /* Frameworks */ = {
			isa = PBXFrameworksBuildPhase;
			buildActionMask = 2147483647;
			files = (
				06068CFDB4D8B2DBE20551E5 /* Pods_Unify_Mobile_AppTests.framework in Frameworks */,
			);
			runOnlyForDeploymentPostprocessing = 0;
		};
		125B73A82843F96E00293086 /* Frameworks */ = {
			isa = PBXFrameworksBuildPhase;
			buildActionMask = 2147483647;
			files = (
				C34AD1194851D09BE5EF72EC /* Pods_Unify_Mobile_AppUITests.framework in Frameworks */,
			);
			runOnlyForDeploymentPostprocessing = 0;
		};
/* End PBXFrameworksBuildPhase section */

/* Begin PBXGroup section */
		12200BF52849475B009C315E /* Models */ = {
			isa = PBXGroup;
			children = (
				12200BF62849475B009C315E /* Course */,
				12200BF92849475B009C315E /* Property */,
				12200BFB2849475B009C315E /* Message */,
				12200C002849475B009C315E /* User */,
				12200C032849475B009C315E /* University */,
				12200C052849475B009C315E /* Study Year */,
				12200C082849475B009C315E /* Interests */,
			);
			path = Models;
			sourceTree = "<group>";
		};
		12200BF62849475B009C315E /* Course */ = {
			isa = PBXGroup;
			children = (
				12200BF72849475B009C315E /* CourseData.swift */,
				12200BF82849475B009C315E /* Course.swift */,
			);
			path = Course;
			sourceTree = "<group>";
		};
		12200BF92849475B009C315E /* Property */ = {
			isa = PBXGroup;
			children = (
				12200BFA2849475B009C315E /* Property.swift */,
			);
			path = Property;
			sourceTree = "<group>";
		};
		12200BFB2849475B009C315E /* Message */ = {
			isa = PBXGroup;
			children = (
				12200BFC2849475B009C315E /* LatestMessage.swift */,
				12200BFD2849475B009C315E /* Chat.swift */,
				12200BFE2849475B009C315E /* Message.swift */,
				12200BFF2849475B009C315E /* ChatUser.swift */,
			);
			path = Message;
			sourceTree = "<group>";
		};
		12200C002849475B009C315E /* User */ = {
			isa = PBXGroup;
			children = (
				12200C012849475B009C315E /* OnboardingStatesCompletion.swift */,
				12200C022849475B009C315E /* User.swift */,
			);
			path = User;
			sourceTree = "<group>";
		};
		12200C032849475B009C315E /* University */ = {
			isa = PBXGroup;
			children = (
				12200C042849475B009C315E /* University.swift */,
			);
			path = University;
			sourceTree = "<group>";
		};
		12200C052849475B009C315E /* Study Year */ = {
			isa = PBXGroup;
			children = (
				12200C062849475B009C315E /* StudyYearData.swift */,
				12200C072849475B009C315E /* StudyYear.swift */,
			);
			path = "Study Year";
			sourceTree = "<group>";
		};
		12200C082849475B009C315E /* Interests */ = {
			isa = PBXGroup;
			children = (
				12200C092849475B009C315E /* Interest.swift */,
				12200C0A2849475B009C315E /* InterestData.swift */,
			);
			path = Interests;
			sourceTree = "<group>";
		};
		12200C1B28494D5E009C315E /* Onboarding */ = {
			isa = PBXGroup;
			children = (
				12200C1C28494D5E009C315E /* OnboardingViewController.swift */,
			);
			path = Onboarding;
			sourceTree = "<group>";
		};
		12200C2228494D7B009C315E /* Views */ = {
			isa = PBXGroup;
			children = (
				12200C2328494D7B009C315E /* LoadingIncator.swift */,
				12200C2428494D7B009C315E /* UnifyTitleLabel.swift */,
				12200C2528494D7B009C315E /* UnifySearchTextField.swift */,
				12200C2628494D7B009C315E /* UnifyTextField.swift */,
				12200C2728494D7B009C315E /* UnifyNavigationController.swift */,
				12200C2828494D7B009C315E /* UnifyButton.swift */,
				12200C2928494D7B009C315E /* AvatarView.swift */,
			);
			path = Views;
			sourceTree = "<group>";
		};
		12200C332849560E009C315E /* Utilities */ = {
			isa = PBXGroup;
			children = (
				12200C3D2849560E009C315E /* Unify.swift */,
				12200C342849560E009C315E /* Strings.swift */,
				12200C352849560E009C315E /* UnifyColors.swift */,
				12EC87702870888700C757F8 /* ReusableView.swift */,
				12200C362849560E009C315E /* UnifyErrors.swift */,
				12200C372849560E009C315E /* Extensions */,
			);
			path = Utilities;
			sourceTree = "<group>";
		};
		12200C372849560E009C315E /* Extensions */ = {
			isa = PBXGroup;
			children = (
				12200C382849560E009C315E /* UIViewController+Extensions.swift */,
				12200C392849560E009C315E /* UIView+Extensions.swift */,
				12200C3B2849560E009C315E /* UserDefaults+Extensions.swift */,
				12200C3C2849560E009C315E /* Floaty+Extensions.swift */,
			);
			path = Extensions;
			sourceTree = "<group>";
		};
		12200C732849665C009C315E /* Managers */ = {
			isa = PBXGroup;
			children = (
				125B73C02843FE1B00293086 /* NetworkManager.swift */,
				12200CA12849785C009C315E /* AppleAccountManager.swift */,
				12200C7128496651009C315E /* AccountManager.swift */,
			);
			path = Managers;
			sourceTree = "<group>";
		};
		12200C74284975B6009C315E /* Login */ = {
			isa = PBXGroup;
			children = (
				12200C75284975B6009C315E /* LoginOptionsViewController.swift */,
			);
			path = Login;
			sourceTree = "<group>";
		};
		12200C79284975C9009C315E /* OnboardingFlow */ = {
			isa = PBXGroup;
			children = (
				12200C1E28494D5E009C315E /* OnboardingViewModel.swift */,
				12200C1B28494D5E009C315E /* Onboarding */,
				12200C74284975B6009C315E /* Login */,
				12200C7A2849761E009C315E /* Email Login  */,
				12200C7D28497631009C315E /* Email Sign up */,
				12200C802849764F009C315E /* Course */,
				12200C8F28497651009C315E /* Interests */,
				12200C842849764F009C315E /* Private Info */,
				12200C8828497650009C315E /* ProfileImage */,
				12200C8D28497650009C315E /* University */,
				12200C822849764F009C315E /* Username */,
				12200C862849764F009C315E /* Year */,
			);
			path = OnboardingFlow;
			sourceTree = "<group>";
		};
		12200C7A2849761E009C315E /* Email Login  */ = {
			isa = PBXGroup;
			children = (
				12200C7B2849761E009C315E /* EmailVerificationViewController.swift */,
			);
			path = "Email Login ";
			sourceTree = "<group>";
		};
		12200C7D28497631009C315E /* Email Sign up */ = {
			isa = PBXGroup;
			children = (
				12200C7E28497631009C315E /* EmailSignUpViewController.swift */,
			);
			path = "Email Sign up";
			sourceTree = "<group>";
		};
		12200C802849764F009C315E /* Course */ = {
			isa = PBXGroup;
			children = (
				12200C812849764F009C315E /* SelectCourseViewController.swift */,
			);
			path = Course;
			sourceTree = "<group>";
		};
		12200C822849764F009C315E /* Username */ = {
			isa = PBXGroup;
			children = (
				12200C832849764F009C315E /* CreateUsernameViewController.swift */,
			);
			path = Username;
			sourceTree = "<group>";
		};
		12200C842849764F009C315E /* Private Info */ = {
			isa = PBXGroup;
			children = (
				12200C852849764F009C315E /* PrivateInfrormationViewController.swift */,
			);
			path = "Private Info";
			sourceTree = "<group>";
		};
		12200C862849764F009C315E /* Year */ = {
			isa = PBXGroup;
			children = (
				12200C872849764F009C315E /* SelectYearViewController.swift */,
			);
			path = Year;
			sourceTree = "<group>";
		};
		12200C8828497650009C315E /* ProfileImage */ = {
			isa = PBXGroup;
			children = (
				12200C8928497650009C315E /* UserProfileImageViewController.swift */,
				12200C8A28497650009C315E /* Views */,
			);
			path = ProfileImage;
			sourceTree = "<group>";
		};
		12200C8A28497650009C315E /* Views */ = {
			isa = PBXGroup;
			children = (
				12200C8B28497650009C315E /* ImagePicker.swift */,
				12200C8C28497650009C315E /* AvatarPreviewView.swift */,
			);
			path = Views;
			sourceTree = "<group>";
		};
		12200C8D28497650009C315E /* University */ = {
			isa = PBXGroup;
			children = (
				12200C8E28497650009C315E /* SelectUniversityViewController.swift */,
			);
			path = University;
			sourceTree = "<group>";
		};
		12200C8F28497651009C315E /* Interests */ = {
			isa = PBXGroup;
			children = (
				12200C9028497651009C315E /* SelectInterestsViewController.swift */,
				12200C9128497651009C315E /* Views */,
			);
			path = Interests;
			sourceTree = "<group>";
		};
		12200C9128497651009C315E /* Views */ = {
			isa = PBXGroup;
			children = (
				12200C9228497651009C315E /* CollectionViewCenterLayout.swift */,
				12200C9328497651009C315E /* CollectionViewCenterLayoutRow.swift */,
				12200C9428497651009C315E /* InterestTagCollectionViewCell.swift */,
			);
			path = Views;
			sourceTree = "<group>";
		};
		12200CA3284A1950009C315E /* Screens */ = {
			isa = PBXGroup;
			children = (
				12200CA4284A1950009C315E /* Home */,
				12200CAC284A1950009C315E /* Profile */,
				12200CB1284A1950009C315E /* Users */,
			);
			path = Screens;
			sourceTree = "<group>";
		};
		12200CA4284A1950009C315E /* Home */ = {
			isa = PBXGroup;
			children = (
				12200CA5284A1950009C315E /* HomeViewModel.swift */,
				12200CA6284A1950009C315E /* HomeViewController.swift */,
			);
			path = Home;
			sourceTree = "<group>";
		};
		12200CAC284A1950009C315E /* Profile */ = {
			isa = PBXGroup;
			children = (
				12200CAD284A1950009C315E /* Edit Profile */,
				12200CAF284A1950009C315E /* ProfileViewController.swift */,
				12200CB0284A1950009C315E /* ProfileViewModel.swift */,
			);
			path = Profile;
			sourceTree = "<group>";
		};
		12200CAD284A1950009C315E /* Edit Profile */ = {
			isa = PBXGroup;
			children = (
				12EC877228708F3100C757F8 /* Views */,
				123604A0286A4EFB0023C1BD /* Cells */,
				12200CAE284A1950009C315E /* EditProfileViewController.swift */,
				12A95827286F9DEB00DC346E /* EditProfileViewModel.swift */,
			);
			path = "Edit Profile";
			sourceTree = "<group>";
		};
		12200CB1284A1950009C315E /* Users */ = {
			isa = PBXGroup;
			children = (
				12200CB2284A1950009C315E /* UsersViewController.swift */,
				12200CB3284A1950009C315E /* UsersViewModel.swift */,
				12200CB4284A1950009C315E /* UsersTableViewCell.swift */,
			);
			path = Users;
			sourceTree = "<group>";
		};
		12200CD5284A2800009C315E /* Extensions */ = {
			isa = PBXGroup;
			children = (
				125B73A52843F96E00293086 /* UIViewControllerExtensionTests.swift */,
				125E79C3284B70C100A0ABC4 /* StringsTests.swift */,
			);
			name = Extensions;
			sourceTree = "<group>";
		};
		12200CD6284A280C009C315E /* Utilities */ = {
			isa = PBXGroup;
			children = (
				12200CD5284A2800009C315E /* Extensions */,
			);
			name = Utilities;
			sourceTree = "<group>";
		};
		123604A0286A4EFB0023C1BD /* Cells */ = {
			isa = PBXGroup;
			children = (
				1236049E286A4E390023C1BD /* EditAvatarTableViewCell.swift */,
				123604A1286A4F440023C1BD /* EditNameTableViewCell.swift */,
				123604A3286A4F4E0023C1BD /* EditUniversityTableViewCell.swift */,
				123604A5286A4F700023C1BD /* EditCourseTableViewCell.swift */,
				123604A7286A4F780023C1BD /* EditYearTableViewCell.swift */,
			);
			path = Cells;
			sourceTree = "<group>";
		};
		125B73822843F96B00293086 = {
			isa = PBXGroup;
			children = (
				125B738D2843F96B00293086 /* Unify-Mobile-App */,
				125B73A42843F96E00293086 /* Unify-Mobile-AppTests */,
				125B73AE2843F96E00293086 /* Unify-Mobile-AppUITests */,
				125B738C2843F96B00293086 /* Products */,
				67A716320A7207B003CE1A7C /* Pods */,
				25360DFC4C1CBFCDACB0E07D /* Frameworks */,
			);
			sourceTree = "<group>";
		};
		125B738C2843F96B00293086 /* Products */ = {
			isa = PBXGroup;
			children = (
				125B738B2843F96B00293086 /* Unify-Mobile-App.app */,
				125B73A12843F96E00293086 /* Unify-Mobile-AppTests.xctest */,
				125B73AB2843F96E00293086 /* Unify-Mobile-AppUITests.xctest */,
			);
			name = Products;
			sourceTree = "<group>";
		};
		125B738D2843F96B00293086 /* Unify-Mobile-App */ = {
			isa = PBXGroup;
			children = (
				125B738E2843F96C00293086 /* AppDelegate.swift */,
				125B73902843F96C00293086 /* SceneDelegate.swift */,
				1271B1FF28684DF700C6CF84 /* Mocks */,
				12200C79284975C9009C315E /* OnboardingFlow */,
				12200CA3284A1950009C315E /* Screens */,
				12200C2228494D7B009C315E /* Views */,
				12200C732849665C009C315E /* Managers */,
				12200BF52849475B009C315E /* Models */,
				12200C332849560E009C315E /* Utilities */,
				125B73942843F96C00293086 /* Main.storyboard */,
				125B73972843F96E00293086 /* Assets.xcassets */,
				125B73992843F96E00293086 /* LaunchScreen.storyboard */,
				12200C192849481D009C315E /* UniversityData.json */,
				125B739C2843F96E00293086 /* Info.plist */,
				125B73BE2843F9D300293086 /* GoogleService-Info.plist */,
			);
			path = "Unify-Mobile-App";
			sourceTree = "<group>";
		};
		125B73A42843F96E00293086 /* Unify-Mobile-AppTests */ = {
			isa = PBXGroup;
			children = (
				125E79CA284BDE4E00A0ABC4 /* Onboarding */,
				125E79C9284BDDC500A0ABC4 /* Screens */,
				125E79CB284BDE5D00A0ABC4 /* Manager */,
				12200CD6284A280C009C315E /* Utilities */,
			);
			path = "Unify-Mobile-AppTests";
			sourceTree = "<group>";
		};
		125B73AE2843F96E00293086 /* Unify-Mobile-AppUITests */ = {
			isa = PBXGroup;
			children = (
				125E79CC284BDE6B00A0ABC4 /* Onboarding */,
				125B73B12843F96E00293086 /* Unify_Mobile_AppUITestsLaunchTests.swift */,
			);
			path = "Unify-Mobile-AppUITests";
			sourceTree = "<group>";
		};
		125E79C9284BDDC500A0ABC4 /* Screens */ = {
			isa = PBXGroup;
			children = (
			);
			path = Screens;
			sourceTree = "<group>";
		};
		125E79CA284BDE4E00A0ABC4 /* Onboarding */ = {
			isa = PBXGroup;
			children = (
				125E79C1284B6CF800A0ABC4 /* LoginOptionsViewControllerTests.swift */,
				125E79C5284BC7D200A0ABC4 /* OnboardingViewControllerTests.swift */,
			);
			path = Onboarding;
			sourceTree = "<group>";
		};
		125E79CB284BDE5D00A0ABC4 /* Manager */ = {
			isa = PBXGroup;
			children = (
				125E79C7284BD2CF00A0ABC4 /* NetworkManagerTests.swift */,
			);
			path = Manager;
			sourceTree = "<group>";
		};
		125E79CC284BDE6B00A0ABC4 /* Onboarding */ = {
			isa = PBXGroup;
			children = (
				125B73AF2843F96E00293086 /* LoginOptionsViewControllerUITests.swift */,
			);
			path = Onboarding;
			sourceTree = "<group>";
		};
		1271B1FF28684DF700C6CF84 /* Mocks */ = {
			isa = PBXGroup;
			children = (
				1271B1FD28684DE600C6CF84 /* FirebaseMocks.swift */,
			);
			path = Mocks;
			sourceTree = "<group>";
		};
		12EC877228708F3100C757F8 /* Views */ = {
			isa = PBXGroup;
			children = (
				12EC876E2870718300C757F8 /* EditProfileHeaderView.swift */,
			);
			path = Views;
			sourceTree = "<group>";
		};
		25360DFC4C1CBFCDACB0E07D /* Frameworks */ = {
			isa = PBXGroup;
			children = (
				5674DCC93F9A5BFFD56156D6 /* Pods_Unify_Mobile_App.framework */,
				172ACBA7F5A912C79A7126C9 /* Pods_Unify_Mobile_AppTests.framework */,
				06C12D687DAE9C27142FE8D5 /* Pods_Unify_Mobile_AppUITests.framework */,
			);
			name = Frameworks;
			sourceTree = "<group>";
		};
		67A716320A7207B003CE1A7C /* Pods */ = {
			isa = PBXGroup;
			children = (
				2D31F0E0E5BF0D35A109AC18 /* Pods-Unify-Mobile-App.debug.xcconfig */,
				EE60955E0A34D453FFAAB27A /* Pods-Unify-Mobile-App.release.xcconfig */,
				1618A9DAAEAE736B03957898 /* Pods-Unify-Mobile-AppTests.debug.xcconfig */,
				4A4DF06EE307F4CC07E2AD74 /* Pods-Unify-Mobile-AppTests.release.xcconfig */,
				C3177FC4BB985AE093FAA812 /* Pods-Unify-Mobile-AppUITests.debug.xcconfig */,
				D621DD972CC374ABCFD536C8 /* Pods-Unify-Mobile-AppUITests.release.xcconfig */,
			);
			path = Pods;
			sourceTree = "<group>";
		};
/* End PBXGroup section */

/* Begin PBXNativeTarget section */
		125B738A2843F96B00293086 /* Unify-Mobile-App */ = {
			isa = PBXNativeTarget;
			buildConfigurationList = 125B73B52843F96E00293086 /* Build configuration list for PBXNativeTarget "Unify-Mobile-App" */;
			buildPhases = (
				A4A9B3D45BB99A7EE0254F7D /* [CP] Check Pods Manifest.lock */,
				125B73872843F96B00293086 /* Sources */,
				125B73882843F96B00293086 /* Frameworks */,
				125B73892843F96B00293086 /* Resources */,
				12200C70284963A4009C315E /* ShellScript */,
				2E72172107216A0C9BE6F4AC /* [CP] Embed Pods Frameworks */,
			);
			buildRules = (
			);
			dependencies = (
			);
			name = "Unify-Mobile-App";
			packageProductDependencies = (
				80C2D9DD28817F70004FC3AB /* PanModal */,
				80524308288189D90054D049 /* SDWebImage */,
				80CF936E28818CFC00EDCE62 /* JGProgressHUD */,
				80CF937128818E9D00EDCE62 /* FirebaseAnalytics */,
				80CF937328818E9D00EDCE62 /* FirebaseAnalyticsOnDeviceConversion */,
				80CF937528818E9D00EDCE62 /* FirebaseAnalyticsSwift */,
				80CF937728818E9D00EDCE62 /* FirebaseAnalyticsWithoutAdIdSupport */,
				80CF937928818E9D00EDCE62 /* FirebaseAppCheck */,
				80CF937B28818E9D00EDCE62 /* FirebaseAppDistribution-Beta */,
				80CF937D28818E9D00EDCE62 /* FirebaseAuth */,
				80CF937F28818E9D00EDCE62 /* FirebaseAuthCombine-Community */,
				80CF938128818E9D00EDCE62 /* FirebaseCrashlytics */,
				80CF938328818E9D00EDCE62 /* FirebaseDatabase */,
				80CF938528818E9D00EDCE62 /* FirebaseDatabaseSwift */,
				80CF938728818E9D00EDCE62 /* FirebaseDynamicLinks */,
				80CF938928818E9D00EDCE62 /* FirebaseFirestore */,
				80CF938B28818E9D00EDCE62 /* FirebaseFirestoreCombine-Community */,
				80CF938D28818E9D00EDCE62 /* FirebaseFirestoreSwift */,
				80CF938F28818E9D00EDCE62 /* FirebaseFunctions */,
				80CF939128818E9D00EDCE62 /* FirebaseFunctionsCombine-Community */,
				80CF939328818E9D00EDCE62 /* FirebaseInAppMessaging-Beta */,
				80CF939528818E9D00EDCE62 /* FirebaseInAppMessagingSwift-Beta */,
				80CF939728818E9D00EDCE62 /* FirebaseInstallations */,
				80CF939928818E9D00EDCE62 /* FirebaseMLModelDownloader */,
				80CF939B28818E9D00EDCE62 /* FirebaseMessaging */,
				80CF939D28818E9D00EDCE62 /* FirebasePerformance */,
				80CF939F28818E9D00EDCE62 /* FirebaseRemoteConfig */,
				80CF93A128818E9D00EDCE62 /* FirebaseRemoteConfigSwift */,
				80CF93A328818E9D00EDCE62 /* FirebaseStorage */,
				80CF93A528818E9D00EDCE62 /* FirebaseStorageCombine-Community */,
				80CF93A828818F8A00EDCE62 /* MessageKit */,
			);
			productName = "Unify-Mobile-App";
			productReference = 125B738B2843F96B00293086 /* Unify-Mobile-App.app */;
			productType = "com.apple.product-type.application";
		};
		125B73A02843F96E00293086 /* Unify-Mobile-AppTests */ = {
			isa = PBXNativeTarget;
			buildConfigurationList = 125B73B82843F96E00293086 /* Build configuration list for PBXNativeTarget "Unify-Mobile-AppTests" */;
			buildPhases = (
				059EE19BBCC5C8B307D67729 /* [CP] Check Pods Manifest.lock */,
				125B739D2843F96E00293086 /* Sources */,
				125B739E2843F96E00293086 /* Frameworks */,
				125B739F2843F96E00293086 /* Resources */,
				BC784E172FB7BE524D9D2B21 /* [CP] Embed Pods Frameworks */,
			);
			buildRules = (
			);
			dependencies = (
				125B73A32843F96E00293086 /* PBXTargetDependency */,
			);
			name = "Unify-Mobile-AppTests";
			productName = "Unify-Mobile-AppTests";
			productReference = 125B73A12843F96E00293086 /* Unify-Mobile-AppTests.xctest */;
			productType = "com.apple.product-type.bundle.unit-test";
		};
		125B73AA2843F96E00293086 /* Unify-Mobile-AppUITests */ = {
			isa = PBXNativeTarget;
			buildConfigurationList = 125B73BB2843F96E00293086 /* Build configuration list for PBXNativeTarget "Unify-Mobile-AppUITests" */;
			buildPhases = (
				CB16F0E328ACB7A8B65FE456 /* [CP] Check Pods Manifest.lock */,
				125B73A72843F96E00293086 /* Sources */,
				125B73A82843F96E00293086 /* Frameworks */,
				125B73A92843F96E00293086 /* Resources */,
				356FFC654EE9C44B4ED03B3F /* [CP] Embed Pods Frameworks */,
			);
			buildRules = (
			);
			dependencies = (
				125B73AD2843F96E00293086 /* PBXTargetDependency */,
			);
			name = "Unify-Mobile-AppUITests";
			productName = "Unify-Mobile-AppUITests";
			productReference = 125B73AB2843F96E00293086 /* Unify-Mobile-AppUITests.xctest */;
			productType = "com.apple.product-type.bundle.ui-testing";
		};
/* End PBXNativeTarget section */

/* Begin PBXProject section */
		125B73832843F96B00293086 /* Project object */ = {
			isa = PBXProject;
			attributes = {
				BuildIndependentTargetsInParallel = 1;
				LastSwiftUpdateCheck = 1330;
				LastUpgradeCheck = 1330;
				TargetAttributes = {
					125B738A2843F96B00293086 = {
						CreatedOnToolsVersion = 13.3.1;
					};
					125B73A02843F96E00293086 = {
						CreatedOnToolsVersion = 13.3.1;
						TestTargetID = 125B738A2843F96B00293086;
					};
					125B73AA2843F96E00293086 = {
						CreatedOnToolsVersion = 13.3.1;
						TestTargetID = 125B738A2843F96B00293086;
					};
				};
			};
			buildConfigurationList = 125B73862843F96B00293086 /* Build configuration list for PBXProject "Unify-Mobile-App" */;
			compatibilityVersion = "Xcode 13.0";
			developmentRegion = en;
			hasScannedForEncodings = 0;
			knownRegions = (
				en,
				Base,
			);
			mainGroup = 125B73822843F96B00293086;
			packageReferences = (
				80C2D9DC28817F70004FC3AB /* XCRemoteSwiftPackageReference "PanModal" */,
				80524307288189D90054D049 /* XCRemoteSwiftPackageReference "SDWebImage" */,
				80CF936D28818CFC00EDCE62 /* XCRemoteSwiftPackageReference "JGProgressHUD" */,
				80CF937028818E9D00EDCE62 /* XCRemoteSwiftPackageReference "firebase-ios-sdk" */,
				80CF93A728818F8A00EDCE62 /* XCRemoteSwiftPackageReference "MessageKit" */,
			);
			productRefGroup = 125B738C2843F96B00293086 /* Products */;
			projectDirPath = "";
			projectRoot = "";
			targets = (
				125B738A2843F96B00293086 /* Unify-Mobile-App */,
				125B73A02843F96E00293086 /* Unify-Mobile-AppTests */,
				125B73AA2843F96E00293086 /* Unify-Mobile-AppUITests */,
			);
		};
/* End PBXProject section */

/* Begin PBXResourcesBuildPhase section */
		125B73892843F96B00293086 /* Resources */ = {
			isa = PBXResourcesBuildPhase;
			buildActionMask = 2147483647;
			files = (
				125B739B2843F96E00293086 /* LaunchScreen.storyboard in Resources */,
				125B73BF2843F9D300293086 /* GoogleService-Info.plist in Resources */,
				125B73982843F96E00293086 /* Assets.xcassets in Resources */,
				125B73962843F96C00293086 /* Main.storyboard in Resources */,
				12200C1A2849481D009C315E /* UniversityData.json in Resources */,
			);
			runOnlyForDeploymentPostprocessing = 0;
		};
		125B739F2843F96E00293086 /* Resources */ = {
			isa = PBXResourcesBuildPhase;
			buildActionMask = 2147483647;
			files = (
			);
			runOnlyForDeploymentPostprocessing = 0;
		};
		125B73A92843F96E00293086 /* Resources */ = {
			isa = PBXResourcesBuildPhase;
			buildActionMask = 2147483647;
			files = (
			);
			runOnlyForDeploymentPostprocessing = 0;
		};
/* End PBXResourcesBuildPhase section */

/* Begin PBXShellScriptBuildPhase section */
		059EE19BBCC5C8B307D67729 /* [CP] Check Pods Manifest.lock */ = {
			isa = PBXShellScriptBuildPhase;
			buildActionMask = 2147483647;
			files = (
			);
			inputFileListPaths = (
			);
			inputPaths = (
				"${PODS_PODFILE_DIR_PATH}/Podfile.lock",
				"${PODS_ROOT}/Manifest.lock",
			);
			name = "[CP] Check Pods Manifest.lock";
			outputFileListPaths = (
			);
			outputPaths = (
				"$(DERIVED_FILE_DIR)/Pods-Unify-Mobile-AppTests-checkManifestLockResult.txt",
			);
			runOnlyForDeploymentPostprocessing = 0;
			shellPath = /bin/sh;
			shellScript = "diff \"${PODS_PODFILE_DIR_PATH}/Podfile.lock\" \"${PODS_ROOT}/Manifest.lock\" > /dev/null\nif [ $? != 0 ] ; then\n    # print error to STDERR\n    echo \"error: The sandbox is not in sync with the Podfile.lock. Run 'pod install' or update your CocoaPods installation.\" >&2\n    exit 1\nfi\n# This output is used by Xcode 'outputs' to avoid re-running this script phase.\necho \"SUCCESS\" > \"${SCRIPT_OUTPUT_FILE_0}\"\n";
			showEnvVarsInLog = 0;
		};
		12200C70284963A4009C315E /* ShellScript */ = {
			isa = PBXShellScriptBuildPhase;
			buildActionMask = 2147483647;
			files = (
			);
			inputFileListPaths = (
			);
			inputPaths = (
				"$(SRCROOT)/$(BUILT_PRODUCTS_DIR)/$(INFOPLIST_PATH)",
				"${DWARF_DSYM_FOLDER_PATH}/${DWARF_DSYM_FILE_NAME}/Contents/Resources/DWARF/${TARGET_NAME}",
			);
			outputFileListPaths = (
			);
			outputPaths = (
			);
			runOnlyForDeploymentPostprocessing = 0;
			shellPath = /bin/sh;
			shellScript = "# Type a script or drag a script file from your workspace to insert its path.\n\"${BUILD_DIR%/Build/*}/SourcePackages/checkouts/firebase-ios-sdk/Crashlytics/run\"\n";
		};
		2E72172107216A0C9BE6F4AC /* [CP] Embed Pods Frameworks */ = {
			isa = PBXShellScriptBuildPhase;
			buildActionMask = 2147483647;
			files = (
			);
			inputFileListPaths = (
				"${PODS_ROOT}/Target Support Files/Pods-Unify-Mobile-App/Pods-Unify-Mobile-App-frameworks-${CONFIGURATION}-input-files.xcfilelist",
			);
			name = "[CP] Embed Pods Frameworks";
			outputFileListPaths = (
				"${PODS_ROOT}/Target Support Files/Pods-Unify-Mobile-App/Pods-Unify-Mobile-App-frameworks-${CONFIGURATION}-output-files.xcfilelist",
			);
			runOnlyForDeploymentPostprocessing = 0;
			shellPath = /bin/sh;
			shellScript = "\"${PODS_ROOT}/Target Support Files/Pods-Unify-Mobile-App/Pods-Unify-Mobile-App-frameworks.sh\"\n";
			showEnvVarsInLog = 0;
		};
		356FFC654EE9C44B4ED03B3F /* [CP] Embed Pods Frameworks */ = {
			isa = PBXShellScriptBuildPhase;
			buildActionMask = 2147483647;
			files = (
			);
			inputFileListPaths = (
				"${PODS_ROOT}/Target Support Files/Pods-Unify-Mobile-AppUITests/Pods-Unify-Mobile-AppUITests-frameworks-${CONFIGURATION}-input-files.xcfilelist",
			);
			name = "[CP] Embed Pods Frameworks";
			outputFileListPaths = (
				"${PODS_ROOT}/Target Support Files/Pods-Unify-Mobile-AppUITests/Pods-Unify-Mobile-AppUITests-frameworks-${CONFIGURATION}-output-files.xcfilelist",
			);
			runOnlyForDeploymentPostprocessing = 0;
			shellPath = /bin/sh;
			shellScript = "\"${PODS_ROOT}/Target Support Files/Pods-Unify-Mobile-AppUITests/Pods-Unify-Mobile-AppUITests-frameworks.sh\"\n";
			showEnvVarsInLog = 0;
		};
		A4A9B3D45BB99A7EE0254F7D /* [CP] Check Pods Manifest.lock */ = {
			isa = PBXShellScriptBuildPhase;
			buildActionMask = 2147483647;
			files = (
			);
			inputFileListPaths = (
			);
			inputPaths = (
				"${PODS_PODFILE_DIR_PATH}/Podfile.lock",
				"${PODS_ROOT}/Manifest.lock",
			);
			name = "[CP] Check Pods Manifest.lock";
			outputFileListPaths = (
			);
			outputPaths = (
				"$(DERIVED_FILE_DIR)/Pods-Unify-Mobile-App-checkManifestLockResult.txt",
			);
			runOnlyForDeploymentPostprocessing = 0;
			shellPath = /bin/sh;
			shellScript = "diff \"${PODS_PODFILE_DIR_PATH}/Podfile.lock\" \"${PODS_ROOT}/Manifest.lock\" > /dev/null\nif [ $? != 0 ] ; then\n    # print error to STDERR\n    echo \"error: The sandbox is not in sync with the Podfile.lock. Run 'pod install' or update your CocoaPods installation.\" >&2\n    exit 1\nfi\n# This output is used by Xcode 'outputs' to avoid re-running this script phase.\necho \"SUCCESS\" > \"${SCRIPT_OUTPUT_FILE_0}\"\n";
			showEnvVarsInLog = 0;
		};
		BC784E172FB7BE524D9D2B21 /* [CP] Embed Pods Frameworks */ = {
			isa = PBXShellScriptBuildPhase;
			buildActionMask = 2147483647;
			files = (
			);
			inputFileListPaths = (
				"${PODS_ROOT}/Target Support Files/Pods-Unify-Mobile-AppTests/Pods-Unify-Mobile-AppTests-frameworks-${CONFIGURATION}-input-files.xcfilelist",
			);
			name = "[CP] Embed Pods Frameworks";
			outputFileListPaths = (
				"${PODS_ROOT}/Target Support Files/Pods-Unify-Mobile-AppTests/Pods-Unify-Mobile-AppTests-frameworks-${CONFIGURATION}-output-files.xcfilelist",
			);
			runOnlyForDeploymentPostprocessing = 0;
			shellPath = /bin/sh;
			shellScript = "\"${PODS_ROOT}/Target Support Files/Pods-Unify-Mobile-AppTests/Pods-Unify-Mobile-AppTests-frameworks.sh\"\n";
			showEnvVarsInLog = 0;
		};
		CB16F0E328ACB7A8B65FE456 /* [CP] Check Pods Manifest.lock */ = {
			isa = PBXShellScriptBuildPhase;
			buildActionMask = 2147483647;
			files = (
			);
			inputFileListPaths = (
			);
			inputPaths = (
				"${PODS_PODFILE_DIR_PATH}/Podfile.lock",
				"${PODS_ROOT}/Manifest.lock",
			);
			name = "[CP] Check Pods Manifest.lock";
			outputFileListPaths = (
			);
			outputPaths = (
				"$(DERIVED_FILE_DIR)/Pods-Unify-Mobile-AppUITests-checkManifestLockResult.txt",
			);
			runOnlyForDeploymentPostprocessing = 0;
			shellPath = /bin/sh;
			shellScript = "diff \"${PODS_PODFILE_DIR_PATH}/Podfile.lock\" \"${PODS_ROOT}/Manifest.lock\" > /dev/null\nif [ $? != 0 ] ; then\n    # print error to STDERR\n    echo \"error: The sandbox is not in sync with the Podfile.lock. Run 'pod install' or update your CocoaPods installation.\" >&2\n    exit 1\nfi\n# This output is used by Xcode 'outputs' to avoid re-running this script phase.\necho \"SUCCESS\" > \"${SCRIPT_OUTPUT_FILE_0}\"\n";
			showEnvVarsInLog = 0;
		};
/* End PBXShellScriptBuildPhase section */

/* Begin PBXSourcesBuildPhase section */
		125B73872843F96B00293086 /* Sources */ = {
			isa = PBXSourcesBuildPhase;
			buildActionMask = 2147483647;
			files = (
				12A95828286F9DEB00DC346E /* EditProfileViewModel.swift in Sources */,
				12200C152849475B009C315E /* StudyYearData.swift in Sources */,
				12200C2E28494D7B009C315E /* UnifyNavigationController.swift in Sources */,
				12200C132849475B009C315E /* User.swift in Sources */,
				12200C172849475B009C315E /* Interest.swift in Sources */,
				12200CCA284A1950009C315E /* UsersViewController.swift in Sources */,
				12EC876F2870718300C757F8 /* EditProfileHeaderView.swift in Sources */,
				123604A4286A4F4E0023C1BD /* EditUniversityTableViewCell.swift in Sources */,
				12200C112849475B009C315E /* ChatUser.swift in Sources */,
				12200C1F28494D5E009C315E /* OnboardingViewController.swift in Sources */,
				12200C0E2849475B009C315E /* LatestMessage.swift in Sources */,
				12200C402849560E009C315E /* UnifyColors.swift in Sources */,
				12200CCC284A1950009C315E /* UsersTableViewCell.swift in Sources */,
				12200C9828497651009C315E /* SelectYearViewController.swift in Sources */,
				1271B1FE28684DE600C6CF84 /* FirebaseMocks.swift in Sources */,
				123604A2286A4F440023C1BD /* EditNameTableViewCell.swift in Sources */,
				12200CA22849785C009C315E /* AppleAccountManager.swift in Sources */,
				1236049F286A4E390023C1BD /* EditAvatarTableViewCell.swift in Sources */,
				12200C7C2849761E009C315E /* EmailVerificationViewController.swift in Sources */,
				12200CC8284A1950009C315E /* ProfileViewController.swift in Sources */,
				12200CCB284A1950009C315E /* UsersViewModel.swift in Sources */,
				12200C462849560E009C315E /* Floaty+Extensions.swift in Sources */,
				12200C162849475B009C315E /* StudyYear.swift in Sources */,
				12200C0D2849475B009C315E /* Property.swift in Sources */,
				12200C3028494D7B009C315E /* AvatarView.swift in Sources */,
				12200C182849475B009C315E /* InterestData.swift in Sources */,
				12200C0C2849475B009C315E /* Course.swift in Sources */,
				123604A8286A4F780023C1BD /* EditYearTableViewCell.swift in Sources */,
				12200CC2284A1950009C315E /* HomeViewController.swift in Sources */,
				12200C0B2849475B009C315E /* CourseData.swift in Sources */,
				12200C9D28497651009C315E /* SelectInterestsViewController.swift in Sources */,
				12200C2A28494D7B009C315E /* LoadingIncator.swift in Sources */,
				12200C2D28494D7B009C315E /* UnifyTextField.swift in Sources */,
				12200CC1284A1950009C315E /* HomeViewModel.swift in Sources */,
				12200C9728497651009C315E /* PrivateInfrormationViewController.swift in Sources */,
				12EC87712870888700C757F8 /* ReusableView.swift in Sources */,
				12200C9628497651009C315E /* CreateUsernameViewController.swift in Sources */,
				12200C9528497651009C315E /* SelectCourseViewController.swift in Sources */,
				12200C2B28494D7B009C315E /* UnifyTitleLabel.swift in Sources */,
				12200C452849560E009C315E /* UserDefaults+Extensions.swift in Sources */,
				12200C0F2849475B009C315E /* Chat.swift in Sources */,
				125B73C12843FE1B00293086 /* NetworkManager.swift in Sources */,
				12200C7F28497631009C315E /* EmailSignUpViewController.swift in Sources */,
				12200C77284975B6009C315E /* LoginOptionsViewController.swift in Sources */,
				12200C432849560E009C315E /* UIView+Extensions.swift in Sources */,
				12200C2F28494D7B009C315E /* UnifyButton.swift in Sources */,
				12200C9928497651009C315E /* UserProfileImageViewController.swift in Sources */,
				12200C412849560E009C315E /* UnifyErrors.swift in Sources */,
				12200C9B28497651009C315E /* AvatarPreviewView.swift in Sources */,
				12200C9F28497651009C315E /* CollectionViewCenterLayoutRow.swift in Sources */,
				12200C9E28497651009C315E /* CollectionViewCenterLayout.swift in Sources */,
				12200C122849475B009C315E /* OnboardingStatesCompletion.swift in Sources */,
				12200CC9284A1950009C315E /* ProfileViewModel.swift in Sources */,
				12200C3F2849560E009C315E /* Strings.swift in Sources */,
				123604A6286A4F700023C1BD /* EditCourseTableViewCell.swift in Sources */,
				12200C102849475B009C315E /* Message.swift in Sources */,
				125B738F2843F96C00293086 /* AppDelegate.swift in Sources */,
				125B73912843F96C00293086 /* SceneDelegate.swift in Sources */,
				12200C9C28497651009C315E /* SelectUniversityViewController.swift in Sources */,
				12200C472849560E009C315E /* Unify.swift in Sources */,
				12200C7228496651009C315E /* AccountManager.swift in Sources */,
				12200C422849560E009C315E /* UIViewController+Extensions.swift in Sources */,
				12200CC7284A1950009C315E /* EditProfileViewController.swift in Sources */,
				12200CA028497651009C315E /* InterestTagCollectionViewCell.swift in Sources */,
				12200C2128494D5E009C315E /* OnboardingViewModel.swift in Sources */,
				12200C9A28497651009C315E /* ImagePicker.swift in Sources */,
				12200C142849475B009C315E /* University.swift in Sources */,
				12200C2C28494D7B009C315E /* UnifySearchTextField.swift in Sources */,
			);
			runOnlyForDeploymentPostprocessing = 0;
		};
		125B739D2843F96E00293086 /* Sources */ = {
			isa = PBXSourcesBuildPhase;
			buildActionMask = 2147483647;
			files = (
				125E79C8284BD2CF00A0ABC4 /* NetworkManagerTests.swift in Sources */,
				125E79C2284B6CF800A0ABC4 /* LoginOptionsViewControllerTests.swift in Sources */,
				125B73A62843F96E00293086 /* UIViewControllerExtensionTests.swift in Sources */,
				125E79C4284B70C100A0ABC4 /* StringsTests.swift in Sources */,
				125E79C6284BC7D200A0ABC4 /* OnboardingViewControllerTests.swift in Sources */,
			);
			runOnlyForDeploymentPostprocessing = 0;
		};
		125B73A72843F96E00293086 /* Sources */ = {
			isa = PBXSourcesBuildPhase;
			buildActionMask = 2147483647;
			files = (
				125B73B22843F96E00293086 /* Unify_Mobile_AppUITestsLaunchTests.swift in Sources */,
				125B73B02843F96E00293086 /* LoginOptionsViewControllerUITests.swift in Sources */,
			);
			runOnlyForDeploymentPostprocessing = 0;
		};
/* End PBXSourcesBuildPhase section */

/* Begin PBXTargetDependency section */
		125B73A32843F96E00293086 /* PBXTargetDependency */ = {
			isa = PBXTargetDependency;
			target = 125B738A2843F96B00293086 /* Unify-Mobile-App */;
			targetProxy = 125B73A22843F96E00293086 /* PBXContainerItemProxy */;
		};
		125B73AD2843F96E00293086 /* PBXTargetDependency */ = {
			isa = PBXTargetDependency;
			target = 125B738A2843F96B00293086 /* Unify-Mobile-App */;
			targetProxy = 125B73AC2843F96E00293086 /* PBXContainerItemProxy */;
		};
/* End PBXTargetDependency section */

/* Begin PBXVariantGroup section */
		125B73942843F96C00293086 /* Main.storyboard */ = {
			isa = PBXVariantGroup;
			children = (
				125B73952843F96C00293086 /* Base */,
			);
			name = Main.storyboard;
			sourceTree = "<group>";
		};
		125B73992843F96E00293086 /* LaunchScreen.storyboard */ = {
			isa = PBXVariantGroup;
			children = (
				125B739A2843F96E00293086 /* Base */,
			);
			name = LaunchScreen.storyboard;
			sourceTree = "<group>";
		};
/* End PBXVariantGroup section */

/* Begin XCBuildConfiguration section */
		125B73B32843F96E00293086 /* Debug */ = {
			isa = XCBuildConfiguration;
			buildSettings = {
				ALWAYS_SEARCH_USER_PATHS = NO;
				CLANG_ANALYZER_NONNULL = YES;
				CLANG_ANALYZER_NUMBER_OBJECT_CONVERSION = YES_AGGRESSIVE;
				CLANG_CXX_LANGUAGE_STANDARD = "gnu++17";
				CLANG_ENABLE_MODULES = YES;
				CLANG_ENABLE_OBJC_ARC = YES;
				CLANG_ENABLE_OBJC_WEAK = YES;
				CLANG_WARN_BLOCK_CAPTURE_AUTORELEASING = YES;
				CLANG_WARN_BOOL_CONVERSION = YES;
				CLANG_WARN_COMMA = YES;
				CLANG_WARN_CONSTANT_CONVERSION = YES;
				CLANG_WARN_DEPRECATED_OBJC_IMPLEMENTATIONS = YES;
				CLANG_WARN_DIRECT_OBJC_ISA_USAGE = YES_ERROR;
				CLANG_WARN_DOCUMENTATION_COMMENTS = YES;
				CLANG_WARN_EMPTY_BODY = YES;
				CLANG_WARN_ENUM_CONVERSION = YES;
				CLANG_WARN_INFINITE_RECURSION = YES;
				CLANG_WARN_INT_CONVERSION = YES;
				CLANG_WARN_NON_LITERAL_NULL_CONVERSION = YES;
				CLANG_WARN_OBJC_IMPLICIT_RETAIN_SELF = YES;
				CLANG_WARN_OBJC_LITERAL_CONVERSION = YES;
				CLANG_WARN_OBJC_ROOT_CLASS = YES_ERROR;
				CLANG_WARN_QUOTED_INCLUDE_IN_FRAMEWORK_HEADER = YES;
				CLANG_WARN_RANGE_LOOP_ANALYSIS = YES;
				CLANG_WARN_STRICT_PROTOTYPES = YES;
				CLANG_WARN_SUSPICIOUS_MOVE = YES;
				CLANG_WARN_UNGUARDED_AVAILABILITY = YES_AGGRESSIVE;
				CLANG_WARN_UNREACHABLE_CODE = YES;
				CLANG_WARN__DUPLICATE_METHOD_MATCH = YES;
				COPY_PHASE_STRIP = NO;
				DEBUG_INFORMATION_FORMAT = "dwarf-with-dsym";
				ENABLE_STRICT_OBJC_MSGSEND = YES;
				ENABLE_TESTABILITY = YES;
				GCC_C_LANGUAGE_STANDARD = gnu11;
				GCC_DYNAMIC_NO_PIC = NO;
				GCC_NO_COMMON_BLOCKS = YES;
				GCC_OPTIMIZATION_LEVEL = 0;
				GCC_PREPROCESSOR_DEFINITIONS = (
					"DEBUG=1",
					"$(inherited)",
				);
				GCC_WARN_64_TO_32_BIT_CONVERSION = YES;
				GCC_WARN_ABOUT_RETURN_TYPE = YES_ERROR;
				GCC_WARN_UNDECLARED_SELECTOR = YES;
				GCC_WARN_UNINITIALIZED_AUTOS = YES_AGGRESSIVE;
				GCC_WARN_UNUSED_FUNCTION = YES;
				GCC_WARN_UNUSED_VARIABLE = YES;
				IPHONEOS_DEPLOYMENT_TARGET = 15.4;
				MTL_ENABLE_DEBUG_INFO = INCLUDE_SOURCE;
				MTL_FAST_MATH = YES;
				ONLY_ACTIVE_ARCH = YES;
				SDKROOT = iphoneos;
				SWIFT_ACTIVE_COMPILATION_CONDITIONS = DEBUG;
				SWIFT_OPTIMIZATION_LEVEL = "-Onone";
			};
			name = Debug;
		};
		125B73B42843F96E00293086 /* Release */ = {
			isa = XCBuildConfiguration;
			buildSettings = {
				ALWAYS_SEARCH_USER_PATHS = NO;
				CLANG_ANALYZER_NONNULL = YES;
				CLANG_ANALYZER_NUMBER_OBJECT_CONVERSION = YES_AGGRESSIVE;
				CLANG_CXX_LANGUAGE_STANDARD = "gnu++17";
				CLANG_ENABLE_MODULES = YES;
				CLANG_ENABLE_OBJC_ARC = YES;
				CLANG_ENABLE_OBJC_WEAK = YES;
				CLANG_WARN_BLOCK_CAPTURE_AUTORELEASING = YES;
				CLANG_WARN_BOOL_CONVERSION = YES;
				CLANG_WARN_COMMA = YES;
				CLANG_WARN_CONSTANT_CONVERSION = YES;
				CLANG_WARN_DEPRECATED_OBJC_IMPLEMENTATIONS = YES;
				CLANG_WARN_DIRECT_OBJC_ISA_USAGE = YES_ERROR;
				CLANG_WARN_DOCUMENTATION_COMMENTS = YES;
				CLANG_WARN_EMPTY_BODY = YES;
				CLANG_WARN_ENUM_CONVERSION = YES;
				CLANG_WARN_INFINITE_RECURSION = YES;
				CLANG_WARN_INT_CONVERSION = YES;
				CLANG_WARN_NON_LITERAL_NULL_CONVERSION = YES;
				CLANG_WARN_OBJC_IMPLICIT_RETAIN_SELF = YES;
				CLANG_WARN_OBJC_LITERAL_CONVERSION = YES;
				CLANG_WARN_OBJC_ROOT_CLASS = YES_ERROR;
				CLANG_WARN_QUOTED_INCLUDE_IN_FRAMEWORK_HEADER = YES;
				CLANG_WARN_RANGE_LOOP_ANALYSIS = YES;
				CLANG_WARN_STRICT_PROTOTYPES = YES;
				CLANG_WARN_SUSPICIOUS_MOVE = YES;
				CLANG_WARN_UNGUARDED_AVAILABILITY = YES_AGGRESSIVE;
				CLANG_WARN_UNREACHABLE_CODE = YES;
				CLANG_WARN__DUPLICATE_METHOD_MATCH = YES;
				COPY_PHASE_STRIP = NO;
				DEBUG_INFORMATION_FORMAT = "dwarf-with-dsym";
				ENABLE_NS_ASSERTIONS = NO;
				ENABLE_STRICT_OBJC_MSGSEND = YES;
				GCC_C_LANGUAGE_STANDARD = gnu11;
				GCC_NO_COMMON_BLOCKS = YES;
				GCC_WARN_64_TO_32_BIT_CONVERSION = YES;
				GCC_WARN_ABOUT_RETURN_TYPE = YES_ERROR;
				GCC_WARN_UNDECLARED_SELECTOR = YES;
				GCC_WARN_UNINITIALIZED_AUTOS = YES_AGGRESSIVE;
				GCC_WARN_UNUSED_FUNCTION = YES;
				GCC_WARN_UNUSED_VARIABLE = YES;
				IPHONEOS_DEPLOYMENT_TARGET = 15.4;
				MTL_ENABLE_DEBUG_INFO = NO;
				MTL_FAST_MATH = YES;
				SDKROOT = iphoneos;
				SWIFT_COMPILATION_MODE = wholemodule;
				SWIFT_OPTIMIZATION_LEVEL = "-O";
				VALIDATE_PRODUCT = YES;
			};
			name = Release;
		};
		125B73B62843F96E00293086 /* Debug */ = {
			isa = XCBuildConfiguration;
			baseConfigurationReference = 2D31F0E0E5BF0D35A109AC18 /* Pods-Unify-Mobile-App.debug.xcconfig */;
			buildSettings = {
				ASSETCATALOG_COMPILER_APPICON_NAME = AppIcon;
				ASSETCATALOG_COMPILER_GLOBAL_ACCENT_COLOR_NAME = AccentColor;
				CODE_SIGN_STYLE = Automatic;
				CURRENT_PROJECT_VERSION = 1;
				DEVELOPMENT_TEAM = 6ZGQ8R6GXK;
				GENERATE_INFOPLIST_FILE = YES;
				INFOPLIST_FILE = "Unify-Mobile-App/Info.plist";
				INFOPLIST_KEY_UIApplicationSupportsIndirectInputEvents = YES;
				INFOPLIST_KEY_UILaunchStoryboardName = LaunchScreen;
				INFOPLIST_KEY_UIMainStoryboardFile = Main;
				INFOPLIST_KEY_UISupportedInterfaceOrientations_iPad = "UIInterfaceOrientationPortrait UIInterfaceOrientationPortraitUpsideDown UIInterfaceOrientationLandscapeLeft UIInterfaceOrientationLandscapeRight";
				INFOPLIST_KEY_UISupportedInterfaceOrientations_iPhone = "UIInterfaceOrientationPortrait UIInterfaceOrientationLandscapeLeft UIInterfaceOrientationLandscapeRight";
				IPHONEOS_DEPLOYMENT_TARGET = 15.0;
				LD_RUNPATH_SEARCH_PATHS = (
					"$(inherited)",
					"@executable_path/Frameworks",
				);
				MARKETING_VERSION = 1.0;
				PRODUCT_BUNDLE_IDENTIFIER = "Unify-Mobile-App";
				PRODUCT_NAME = "$(TARGET_NAME)";
				SWIFT_EMIT_LOC_STRINGS = YES;
				SWIFT_VERSION = 5.0;
				TARGETED_DEVICE_FAMILY = "1,2";
			};
			name = Debug;
		};
		125B73B72843F96E00293086 /* Release */ = {
			isa = XCBuildConfiguration;
			baseConfigurationReference = EE60955E0A34D453FFAAB27A /* Pods-Unify-Mobile-App.release.xcconfig */;
			buildSettings = {
				ASSETCATALOG_COMPILER_APPICON_NAME = AppIcon;
				ASSETCATALOG_COMPILER_GLOBAL_ACCENT_COLOR_NAME = AccentColor;
				CODE_SIGN_STYLE = Automatic;
				CURRENT_PROJECT_VERSION = 1;
				DEVELOPMENT_TEAM = 6ZGQ8R6GXK;
				GENERATE_INFOPLIST_FILE = YES;
				INFOPLIST_FILE = "Unify-Mobile-App/Info.plist";
				INFOPLIST_KEY_UIApplicationSupportsIndirectInputEvents = YES;
				INFOPLIST_KEY_UILaunchStoryboardName = LaunchScreen;
				INFOPLIST_KEY_UIMainStoryboardFile = Main;
				INFOPLIST_KEY_UISupportedInterfaceOrientations_iPad = "UIInterfaceOrientationPortrait UIInterfaceOrientationPortraitUpsideDown UIInterfaceOrientationLandscapeLeft UIInterfaceOrientationLandscapeRight";
				INFOPLIST_KEY_UISupportedInterfaceOrientations_iPhone = "UIInterfaceOrientationPortrait UIInterfaceOrientationLandscapeLeft UIInterfaceOrientationLandscapeRight";
				IPHONEOS_DEPLOYMENT_TARGET = 15.0;
				LD_RUNPATH_SEARCH_PATHS = (
					"$(inherited)",
					"@executable_path/Frameworks",
				);
				MARKETING_VERSION = 1.0;
				PRODUCT_BUNDLE_IDENTIFIER = "Unify-Mobile-App";
				PRODUCT_NAME = "$(TARGET_NAME)";
				SWIFT_EMIT_LOC_STRINGS = YES;
				SWIFT_VERSION = 5.0;
				TARGETED_DEVICE_FAMILY = "1,2";
			};
			name = Release;
		};
		125B73B92843F96E00293086 /* Debug */ = {
			isa = XCBuildConfiguration;
			baseConfigurationReference = 1618A9DAAEAE736B03957898 /* Pods-Unify-Mobile-AppTests.debug.xcconfig */;
			buildSettings = {
				ALWAYS_EMBED_SWIFT_STANDARD_LIBRARIES = YES;
				BUNDLE_LOADER = "$(TEST_HOST)";
				CODE_SIGN_STYLE = Automatic;
				CURRENT_PROJECT_VERSION = 1;
				DEVELOPMENT_TEAM = 6ZGQ8R6GXK;
				GENERATE_INFOPLIST_FILE = YES;
				HEADER_SEARCH_PATHS = "${PODS_ROOT}/Firebase/Core/Sources";
				IPHONEOS_DEPLOYMENT_TARGET = 15.4;
				MARKETING_VERSION = 1.0;
				PRODUCT_BUNDLE_IDENTIFIER = "Melvinasare.Unify-Mobile-AppTests";
				PRODUCT_NAME = "$(TARGET_NAME)";
				SWIFT_EMIT_LOC_STRINGS = NO;
				SWIFT_VERSION = 5.0;
				TARGETED_DEVICE_FAMILY = "1,2";
				TEST_HOST = "$(BUILT_PRODUCTS_DIR)/Unify-Mobile-App.app/Unify-Mobile-App";
			};
			name = Debug;
		};
		125B73BA2843F96E00293086 /* Release */ = {
			isa = XCBuildConfiguration;
			baseConfigurationReference = 4A4DF06EE307F4CC07E2AD74 /* Pods-Unify-Mobile-AppTests.release.xcconfig */;
			buildSettings = {
				ALWAYS_EMBED_SWIFT_STANDARD_LIBRARIES = YES;
				BUNDLE_LOADER = "$(TEST_HOST)";
				CODE_SIGN_STYLE = Automatic;
				CURRENT_PROJECT_VERSION = 1;
				DEVELOPMENT_TEAM = 6ZGQ8R6GXK;
				GENERATE_INFOPLIST_FILE = YES;
				HEADER_SEARCH_PATHS = "";
				IPHONEOS_DEPLOYMENT_TARGET = 15.4;
				MARKETING_VERSION = 1.0;
				PRODUCT_BUNDLE_IDENTIFIER = "Melvinasare.Unify-Mobile-AppTests";
				PRODUCT_NAME = "$(TARGET_NAME)";
				SWIFT_EMIT_LOC_STRINGS = NO;
				SWIFT_VERSION = 5.0;
				TARGETED_DEVICE_FAMILY = "1,2";
				TEST_HOST = "$(BUILT_PRODUCTS_DIR)/Unify-Mobile-App.app/Unify-Mobile-App";
			};
			name = Release;
		};
		125B73BC2843F96E00293086 /* Debug */ = {
			isa = XCBuildConfiguration;
			baseConfigurationReference = C3177FC4BB985AE093FAA812 /* Pods-Unify-Mobile-AppUITests.debug.xcconfig */;
			buildSettings = {
				ALWAYS_EMBED_SWIFT_STANDARD_LIBRARIES = YES;
				CODE_SIGN_STYLE = Automatic;
				CURRENT_PROJECT_VERSION = 1;
				DEVELOPMENT_TEAM = 6ZGQ8R6GXK;
				GENERATE_INFOPLIST_FILE = YES;
				HEADER_SEARCH_PATHS = (
					"$(inherited)",
					"\"${PODS_CONFIGURATION_BUILD_DIR}/Floaty/Floaty.framework/Headers\"",
					"\"${PODS_CONFIGURATION_BUILD_DIR}/IQKeyboardManagerSwift/IQKeyboardManagerSwift.framework/Headers\"",
					"\"${PODS_CONFIGURATION_BUILD_DIR}/Nimble/Nimble.framework/Headers\"",
					"\"${PODS_CONFIGURATION_BUILD_DIR}/Observable/Observable.framework/Headers\"",
					"\"${PODS_CONFIGURATION_BUILD_DIR}/SearchTextField/SearchTextField.framework/Headers\"",
					"\"${PODS_CONFIGURATION_BUILD_DIR}/ViewControllerPresentationSpy/ViewControllerPresentationSpy.framework/Headers\"",
					"${PODS_ROOT}/Firebase/Core/Sources",
				);
				MARKETING_VERSION = 1.0;
				PRODUCT_BUNDLE_IDENTIFIER = "Melvinasare.Unify-Mobile-AppUITests";
				PRODUCT_NAME = "$(TARGET_NAME)";
				SWIFT_EMIT_LOC_STRINGS = NO;
				SWIFT_VERSION = 5.0;
				TARGETED_DEVICE_FAMILY = "1,2";
				TEST_TARGET_NAME = "Unify-Mobile-App";
			};
			name = Debug;
		};
		125B73BD2843F96E00293086 /* Release */ = {
			isa = XCBuildConfiguration;
			baseConfigurationReference = D621DD972CC374ABCFD536C8 /* Pods-Unify-Mobile-AppUITests.release.xcconfig */;
			buildSettings = {
				ALWAYS_EMBED_SWIFT_STANDARD_LIBRARIES = YES;
				CODE_SIGN_STYLE = Automatic;
				CURRENT_PROJECT_VERSION = 1;
				DEVELOPMENT_TEAM = 6ZGQ8R6GXK;
				GENERATE_INFOPLIST_FILE = YES;
				HEADER_SEARCH_PATHS = (
					"$(inherited)",
					"\"${PODS_CONFIGURATION_BUILD_DIR}/Floaty/Floaty.framework/Headers\"",
					"\"${PODS_CONFIGURATION_BUILD_DIR}/IQKeyboardManagerSwift/IQKeyboardManagerSwift.framework/Headers\"",
					"\"${PODS_CONFIGURATION_BUILD_DIR}/Nimble/Nimble.framework/Headers\"",
					"\"${PODS_CONFIGURATION_BUILD_DIR}/Observable/Observable.framework/Headers\"",
					"\"${PODS_CONFIGURATION_BUILD_DIR}/SearchTextField/SearchTextField.framework/Headers\"",
					"\"${PODS_CONFIGURATION_BUILD_DIR}/ViewControllerPresentationSpy/ViewControllerPresentationSpy.framework/Headers\"",
					"${PODS_ROOT}/Firebase/Core/Sources",
				);
				MARKETING_VERSION = 1.0;
				PRODUCT_BUNDLE_IDENTIFIER = "Melvinasare.Unify-Mobile-AppUITests";
				PRODUCT_NAME = "$(TARGET_NAME)";
				SWIFT_EMIT_LOC_STRINGS = NO;
				SWIFT_VERSION = 5.0;
				TARGETED_DEVICE_FAMILY = "1,2";
				TEST_TARGET_NAME = "Unify-Mobile-App";
			};
			name = Release;
		};
/* End XCBuildConfiguration section */

/* Begin XCConfigurationList section */
		125B73862843F96B00293086 /* Build configuration list for PBXProject "Unify-Mobile-App" */ = {
			isa = XCConfigurationList;
			buildConfigurations = (
				125B73B32843F96E00293086 /* Debug */,
				125B73B42843F96E00293086 /* Release */,
			);
			defaultConfigurationIsVisible = 0;
			defaultConfigurationName = Release;
		};
		125B73B52843F96E00293086 /* Build configuration list for PBXNativeTarget "Unify-Mobile-App" */ = {
			isa = XCConfigurationList;
			buildConfigurations = (
				125B73B62843F96E00293086 /* Debug */,
				125B73B72843F96E00293086 /* Release */,
			);
			defaultConfigurationIsVisible = 0;
			defaultConfigurationName = Release;
		};
		125B73B82843F96E00293086 /* Build configuration list for PBXNativeTarget "Unify-Mobile-AppTests" */ = {
			isa = XCConfigurationList;
			buildConfigurations = (
				125B73B92843F96E00293086 /* Debug */,
				125B73BA2843F96E00293086 /* Release */,
			);
			defaultConfigurationIsVisible = 0;
			defaultConfigurationName = Release;
		};
		125B73BB2843F96E00293086 /* Build configuration list for PBXNativeTarget "Unify-Mobile-AppUITests" */ = {
			isa = XCConfigurationList;
			buildConfigurations = (
				125B73BC2843F96E00293086 /* Debug */,
				125B73BD2843F96E00293086 /* Release */,
			);
			defaultConfigurationIsVisible = 0;
			defaultConfigurationName = Release;
		};
/* End XCConfigurationList section */

/* Begin XCRemoteSwiftPackageReference section */
		80524307288189D90054D049 /* XCRemoteSwiftPackageReference "SDWebImage" */ = {
			isa = XCRemoteSwiftPackageReference;
			repositoryURL = "https://github.com/SDWebImage/SDWebImage";
			requirement = {
				kind = upToNextMajorVersion;
				minimumVersion = 5.0.0;
			};
		};
		80C2D9DC28817F70004FC3AB /* XCRemoteSwiftPackageReference "PanModal" */ = {
			isa = XCRemoteSwiftPackageReference;
			repositoryURL = "https://github.com/slackhq/PanModal";
			requirement = {
				kind = upToNextMajorVersion;
				minimumVersion = 1.0.0;
			};
		};
		80CF936D28818CFC00EDCE62 /* XCRemoteSwiftPackageReference "JGProgressHUD" */ = {
			isa = XCRemoteSwiftPackageReference;
			repositoryURL = "https://github.com/JonasGessner/JGProgressHUD";
			requirement = {
				kind = upToNextMajorVersion;
				minimumVersion = 2.0.0;
			};
		};
		80CF937028818E9D00EDCE62 /* XCRemoteSwiftPackageReference "firebase-ios-sdk" */ = {
			isa = XCRemoteSwiftPackageReference;
			repositoryURL = "https://github.com/firebase/firebase-ios-sdk";
			requirement = {
				kind = upToNextMajorVersion;
				minimumVersion = 9.0.0;
			};
		};
		80CF93A728818F8A00EDCE62 /* XCRemoteSwiftPackageReference "MessageKit" */ = {
			isa = XCRemoteSwiftPackageReference;
			repositoryURL = "https://github.com/MessageKit/MessageKit";
			requirement = {
				kind = upToNextMajorVersion;
				minimumVersion = 3.0.0;
			};
		};
/* End XCRemoteSwiftPackageReference section */

/* Begin XCSwiftPackageProductDependency section */
		80524308288189D90054D049 /* SDWebImage */ = {
			isa = XCSwiftPackageProductDependency;
			package = 80524307288189D90054D049 /* XCRemoteSwiftPackageReference "SDWebImage" */;
			productName = SDWebImage;
		};
		80C2D9DD28817F70004FC3AB /* PanModal */ = {
			isa = XCSwiftPackageProductDependency;
			package = 80C2D9DC28817F70004FC3AB /* XCRemoteSwiftPackageReference "PanModal" */;
			productName = PanModal;
		};
		80CF936E28818CFC00EDCE62 /* JGProgressHUD */ = {
			isa = XCSwiftPackageProductDependency;
			package = 80CF936D28818CFC00EDCE62 /* XCRemoteSwiftPackageReference "JGProgressHUD" */;
			productName = JGProgressHUD;
		};
		80CF937128818E9D00EDCE62 /* FirebaseAnalytics */ = {
			isa = XCSwiftPackageProductDependency;
			package = 80CF937028818E9D00EDCE62 /* XCRemoteSwiftPackageReference "firebase-ios-sdk" */;
			productName = FirebaseAnalytics;
		};
		80CF937328818E9D00EDCE62 /* FirebaseAnalyticsOnDeviceConversion */ = {
			isa = XCSwiftPackageProductDependency;
			package = 80CF937028818E9D00EDCE62 /* XCRemoteSwiftPackageReference "firebase-ios-sdk" */;
			productName = FirebaseAnalyticsOnDeviceConversion;
		};
		80CF937528818E9D00EDCE62 /* FirebaseAnalyticsSwift */ = {
			isa = XCSwiftPackageProductDependency;
			package = 80CF937028818E9D00EDCE62 /* XCRemoteSwiftPackageReference "firebase-ios-sdk" */;
			productName = FirebaseAnalyticsSwift;
		};
		80CF937728818E9D00EDCE62 /* FirebaseAnalyticsWithoutAdIdSupport */ = {
			isa = XCSwiftPackageProductDependency;
			package = 80CF937028818E9D00EDCE62 /* XCRemoteSwiftPackageReference "firebase-ios-sdk" */;
			productName = FirebaseAnalyticsWithoutAdIdSupport;
		};
		80CF937928818E9D00EDCE62 /* FirebaseAppCheck */ = {
			isa = XCSwiftPackageProductDependency;
			package = 80CF937028818E9D00EDCE62 /* XCRemoteSwiftPackageReference "firebase-ios-sdk" */;
			productName = FirebaseAppCheck;
		};
		80CF937B28818E9D00EDCE62 /* FirebaseAppDistribution-Beta */ = {
			isa = XCSwiftPackageProductDependency;
			package = 80CF937028818E9D00EDCE62 /* XCRemoteSwiftPackageReference "firebase-ios-sdk" */;
			productName = "FirebaseAppDistribution-Beta";
		};
		80CF937D28818E9D00EDCE62 /* FirebaseAuth */ = {
			isa = XCSwiftPackageProductDependency;
			package = 80CF937028818E9D00EDCE62 /* XCRemoteSwiftPackageReference "firebase-ios-sdk" */;
			productName = FirebaseAuth;
		};
		80CF937F28818E9D00EDCE62 /* FirebaseAuthCombine-Community */ = {
			isa = XCSwiftPackageProductDependency;
			package = 80CF937028818E9D00EDCE62 /* XCRemoteSwiftPackageReference "firebase-ios-sdk" */;
			productName = "FirebaseAuthCombine-Community";
		};
		80CF938128818E9D00EDCE62 /* FirebaseCrashlytics */ = {
			isa = XCSwiftPackageProductDependency;
			package = 80CF937028818E9D00EDCE62 /* XCRemoteSwiftPackageReference "firebase-ios-sdk" */;
			productName = FirebaseCrashlytics;
		};
		80CF938328818E9D00EDCE62 /* FirebaseDatabase */ = {
			isa = XCSwiftPackageProductDependency;
			package = 80CF937028818E9D00EDCE62 /* XCRemoteSwiftPackageReference "firebase-ios-sdk" */;
			productName = FirebaseDatabase;
		};
		80CF938528818E9D00EDCE62 /* FirebaseDatabaseSwift */ = {
			isa = XCSwiftPackageProductDependency;
			package = 80CF937028818E9D00EDCE62 /* XCRemoteSwiftPackageReference "firebase-ios-sdk" */;
			productName = FirebaseDatabaseSwift;
		};
		80CF938728818E9D00EDCE62 /* FirebaseDynamicLinks */ = {
			isa = XCSwiftPackageProductDependency;
			package = 80CF937028818E9D00EDCE62 /* XCRemoteSwiftPackageReference "firebase-ios-sdk" */;
			productName = FirebaseDynamicLinks;
		};
		80CF938928818E9D00EDCE62 /* FirebaseFirestore */ = {
			isa = XCSwiftPackageProductDependency;
			package = 80CF937028818E9D00EDCE62 /* XCRemoteSwiftPackageReference "firebase-ios-sdk" */;
			productName = FirebaseFirestore;
		};
		80CF938B28818E9D00EDCE62 /* FirebaseFirestoreCombine-Community */ = {
			isa = XCSwiftPackageProductDependency;
			package = 80CF937028818E9D00EDCE62 /* XCRemoteSwiftPackageReference "firebase-ios-sdk" */;
			productName = "FirebaseFirestoreCombine-Community";
		};
		80CF938D28818E9D00EDCE62 /* FirebaseFirestoreSwift */ = {
			isa = XCSwiftPackageProductDependency;
			package = 80CF937028818E9D00EDCE62 /* XCRemoteSwiftPackageReference "firebase-ios-sdk" */;
			productName = FirebaseFirestoreSwift;
		};
		80CF938F28818E9D00EDCE62 /* FirebaseFunctions */ = {
			isa = XCSwiftPackageProductDependency;
			package = 80CF937028818E9D00EDCE62 /* XCRemoteSwiftPackageReference "firebase-ios-sdk" */;
			productName = FirebaseFunctions;
		};
		80CF939128818E9D00EDCE62 /* FirebaseFunctionsCombine-Community */ = {
			isa = XCSwiftPackageProductDependency;
			package = 80CF937028818E9D00EDCE62 /* XCRemoteSwiftPackageReference "firebase-ios-sdk" */;
			productName = "FirebaseFunctionsCombine-Community";
		};
		80CF939328818E9D00EDCE62 /* FirebaseInAppMessaging-Beta */ = {
			isa = XCSwiftPackageProductDependency;
			package = 80CF937028818E9D00EDCE62 /* XCRemoteSwiftPackageReference "firebase-ios-sdk" */;
			productName = "FirebaseInAppMessaging-Beta";
		};
		80CF939528818E9D00EDCE62 /* FirebaseInAppMessagingSwift-Beta */ = {
			isa = XCSwiftPackageProductDependency;
			package = 80CF937028818E9D00EDCE62 /* XCRemoteSwiftPackageReference "firebase-ios-sdk" */;
			productName = "FirebaseInAppMessagingSwift-Beta";
		};
		80CF939728818E9D00EDCE62 /* FirebaseInstallations */ = {
			isa = XCSwiftPackageProductDependency;
			package = 80CF937028818E9D00EDCE62 /* XCRemoteSwiftPackageReference "firebase-ios-sdk" */;
			productName = FirebaseInstallations;
		};
		80CF939928818E9D00EDCE62 /* FirebaseMLModelDownloader */ = {
			isa = XCSwiftPackageProductDependency;
			package = 80CF937028818E9D00EDCE62 /* XCRemoteSwiftPackageReference "firebase-ios-sdk" */;
			productName = FirebaseMLModelDownloader;
		};
		80CF939B28818E9D00EDCE62 /* FirebaseMessaging */ = {
			isa = XCSwiftPackageProductDependency;
			package = 80CF937028818E9D00EDCE62 /* XCRemoteSwiftPackageReference "firebase-ios-sdk" */;
			productName = FirebaseMessaging;
		};
		80CF939D28818E9D00EDCE62 /* FirebasePerformance */ = {
			isa = XCSwiftPackageProductDependency;
			package = 80CF937028818E9D00EDCE62 /* XCRemoteSwiftPackageReference "firebase-ios-sdk" */;
			productName = FirebasePerformance;
		};
		80CF939F28818E9D00EDCE62 /* FirebaseRemoteConfig */ = {
			isa = XCSwiftPackageProductDependency;
			package = 80CF937028818E9D00EDCE62 /* XCRemoteSwiftPackageReference "firebase-ios-sdk" */;
			productName = FirebaseRemoteConfig;
		};
		80CF93A128818E9D00EDCE62 /* FirebaseRemoteConfigSwift */ = {
			isa = XCSwiftPackageProductDependency;
			package = 80CF937028818E9D00EDCE62 /* XCRemoteSwiftPackageReference "firebase-ios-sdk" */;
			productName = FirebaseRemoteConfigSwift;
		};
		80CF93A328818E9D00EDCE62 /* FirebaseStorage */ = {
			isa = XCSwiftPackageProductDependency;
			package = 80CF937028818E9D00EDCE62 /* XCRemoteSwiftPackageReference "firebase-ios-sdk" */;
			productName = FirebaseStorage;
		};
		80CF93A528818E9D00EDCE62 /* FirebaseStorageCombine-Community */ = {
			isa = XCSwiftPackageProductDependency;
			package = 80CF937028818E9D00EDCE62 /* XCRemoteSwiftPackageReference "firebase-ios-sdk" */;
			productName = "FirebaseStorageCombine-Community";
		};
		80CF93A828818F8A00EDCE62 /* MessageKit */ = {
			isa = XCSwiftPackageProductDependency;
			package = 80CF93A728818F8A00EDCE62 /* XCRemoteSwiftPackageReference "MessageKit" */;
			productName = MessageKit;
		};
/* End XCSwiftPackageProductDependency section */
	};
	rootObject = 125B73832843F96B00293086 /* Project object */;
}
